{
  "name": "chan4077.github.io",
  "version": "0.0.0",
  "lockfileVersion": 1,
  "requires": true,
  "dependencies": {
    "@material/animation": {
      "version": "0.41.0",
      "resolved": "https://registry.npmjs.org/@material/animation/-/animation-0.41.0.tgz",
      "integrity": "sha512-yYAwJbX3Q2AFd4dr6IYOsWLQy2HN8zWOFVl9AbUXunjzTfJCa/ecfXCriaT6qkmoNoHeTdJHRrsQJZC5GsPvzA=="
    },
    "@material/auto-init": {
      "version": "0.41.0",
      "resolved": "https://registry.npmjs.org/@material/auto-init/-/auto-init-0.41.0.tgz",
      "integrity": "sha512-jp6L8MpYu7DudgDfA8iTyD9BwQrYPEDsIJGbqzN9vcCBl5FoBatkB8pcFXKr+1mRBk7T1Qmf6+H5nDtxyXjHEQ=="
    },
    "@material/base": {
      "version": "0.41.0",
      "resolved": "https://registry.npmjs.org/@material/base/-/base-0.41.0.tgz",
      "integrity": "sha512-tEyzwBRu3d1H120SfKsDVYZHcqT5lKohh/7cWKR93aAaPDkSvjpKJIjyu2yuSkjpDduVZGzVocYbOvhUKhhzXQ=="
    },
    "@material/button": {
      "version": "0.44.0",
      "resolved": "https://registry.npmjs.org/@material/button/-/button-0.44.0.tgz",
      "integrity": "sha512-T8u8s8rlB49D9/5Nh5b0XsKRgSq3X0yWGo71MgaTnCnwxt8oZ6PxW/cH6Nn3Xp0NCr3mlSVQs08BviUfAmtlsg==",
      "requires": {
        "@material/elevation": "^0.44.0",
        "@material/feature-targeting": "^0.44.0",
        "@material/ripple": "^0.44.0",
        "@material/rtl": "^0.42.0",
        "@material/shape": "^0.43.0",
        "@material/theme": "^0.43.0",
        "@material/typography": "^0.44.0"
      }
    },
    "@material/card": {
      "version": "0.44.0",
      "resolved": "https://registry.npmjs.org/@material/card/-/card-0.44.0.tgz",
      "integrity": "sha512-fUixXuh133bVp5c1gPIHreL5jwMJEeVIQf0E4xdxhkA+i4ku8fIAvIW62EuCmfJsXicv4q8NG3Ip6pCY+NW3ZA==",
      "requires": {
        "@material/elevation": "^0.44.0",
        "@material/ripple": "^0.44.0",
        "@material/rtl": "^0.42.0",
        "@material/shape": "^0.43.0",
        "@material/theme": "^0.43.0"
      }
    },
    "@material/checkbox": {
      "version": "0.44.0",
      "resolved": "https://registry.npmjs.org/@material/checkbox/-/checkbox-0.44.0.tgz",
      "integrity": "sha512-IzucxG+NuPNyByGmHg/cuYJ5ooMKouuj994PZXZyqb7owfrjjtXm7wjav66cvCowbVbcoa1owQMGBi18C9f4TQ==",
      "requires": {
        "@material/animation": "^0.41.0",
        "@material/base": "^0.41.0",
        "@material/ripple": "^0.44.0",
        "@material/rtl": "^0.42.0",
        "@material/selection-control": "^0.44.0",
        "@material/theme": "^0.43.0"
      }
    },
    "@material/chips": {
      "version": "0.44.0",
      "resolved": "https://registry.npmjs.org/@material/chips/-/chips-0.44.0.tgz",
      "integrity": "sha512-+qrme6sGwYmX/ixHAo3Z1M7lorsxRyKexn1l+BSBX5PBc2f4w5Ml1eYYYcyVGfLX9LXmefRk0G6dUXXPyCE00g==",
      "requires": {
        "@material/animation": "^0.41.0",
        "@material/base": "^0.41.0",
        "@material/checkbox": "^0.44.0",
        "@material/elevation": "^0.44.0",
        "@material/ripple": "^0.44.0",
        "@material/shape": "^0.43.0",
        "@material/theme": "^0.43.0",
        "@material/typography": "^0.44.0"
      }
    },
    "@material/dialog": {
      "version": "0.44.0",
      "resolved": "https://registry.npmjs.org/@material/dialog/-/dialog-0.44.0.tgz",
      "integrity": "sha512-V6ButfknOMKOscL0Y39yLjamxvrIuyugobjf5s44ZeJc+9jUSkC7M3zP+T7rh358NcX+JSPP8iCGmUn/+LXpMQ==",
      "requires": {
        "@material/animation": "^0.41.0",
        "@material/base": "^0.41.0",
        "@material/dom": "^0.41.0",
        "@material/elevation": "^0.44.0",
        "@material/ripple": "^0.44.0",
        "@material/rtl": "^0.42.0",
        "@material/shape": "^0.43.0",
        "@material/theme": "^0.43.0",
        "@material/typography": "^0.44.0",
        "focus-trap": "^4.0.2"
      }
    },
    "@material/dom": {
      "version": "0.41.0",
      "resolved": "https://registry.npmjs.org/@material/dom/-/dom-0.41.0.tgz",
      "integrity": "sha512-wOJrMwjPddYXpQFZAIaCLWI3TO/6KU1lxESTBzunni8A4FHQVWhokml5Xt85GqZwmPFeIF2s+D0wfbWyrGBuKQ=="
    },
    "@material/drawer": {
      "version": "0.44.0",
      "resolved": "https://registry.npmjs.org/@material/drawer/-/drawer-0.44.0.tgz",
      "integrity": "sha512-AYwFe0jgqqSmJd1bny8JJTA2SScF86Wfbk99lXXEwd/acS8IbnnuH6zfAg6MyJX12FDb8dE8Z/Ok1IwLiVa9sQ==",
      "requires": {
        "@material/animation": "^0.41.0",
        "@material/base": "^0.41.0",
        "@material/elevation": "^0.44.0",
        "@material/list": "^0.44.0",
        "@material/ripple": "^0.44.0",
        "@material/rtl": "^0.42.0",
        "@material/shape": "^0.43.0",
        "@material/theme": "^0.43.0",
        "@material/typography": "^0.44.0",
        "focus-trap": "^4.0.2"
      }
    },
    "@material/elevation": {
      "version": "0.44.0",
      "resolved": "https://registry.npmjs.org/@material/elevation/-/elevation-0.44.0.tgz",
      "integrity": "sha512-edNou34yFCSMb6XXe/6Y7AEh8DigWAhBUyIeMiMBD4k1km2xYCJbcnl8FBPJFteOrca97KoJComRlJPB6EurRQ==",
      "requires": {
        "@material/animation": "^0.41.0",
        "@material/theme": "^0.43.0"
      }
    },
    "@material/fab": {
      "version": "0.44.0",
      "resolved": "https://registry.npmjs.org/@material/fab/-/fab-0.44.0.tgz",
      "integrity": "sha512-1CEP4NlXDYioJ/YpSjh/MlIygtoC7CaHqIbucxX1O5WRPmS7K1uPt+o7netbLErAmcJdV/JrI/tqh9kKuX2x/Q==",
      "requires": {
        "@material/animation": "^0.41.0",
        "@material/elevation": "^0.44.0",
        "@material/ripple": "^0.44.0",
        "@material/rtl": "^0.42.0",
        "@material/shape": "^0.43.0",
        "@material/theme": "^0.43.0",
        "@material/typography": "^0.44.0"
      }
    },
    "@material/feature-targeting": {
      "version": "0.44.0",
      "resolved": "https://registry.npmjs.org/@material/feature-targeting/-/feature-targeting-0.44.0.tgz",
      "integrity": "sha512-ShuC2TOLfjFpYUCQFtvkqDJhM6HTaucSx5HkRbOvOG+VlpzDx6pAqRUmdVaq2p7tHoQf2vwPMlSVm3gOjWt4VQ=="
    },
    "@material/floating-label": {
      "version": "0.44.0",
      "resolved": "https://registry.npmjs.org/@material/floating-label/-/floating-label-0.44.0.tgz",
      "integrity": "sha512-k4npGNxyMtnjgJZNjU5VvqqaUqlbzlbVAhepT8PxYTpj+4Skg6PjHwieTCDCgsbqHvFcQX+WfUrSZXY7wFV7cw==",
      "requires": {
        "@material/animation": "^0.41.0",
        "@material/base": "^0.41.0",
        "@material/rtl": "^0.42.0",
        "@material/theme": "^0.43.0",
        "@material/typography": "^0.44.0"
      }
    },
    "@material/form-field": {
      "version": "0.44.0",
      "resolved": "https://registry.npmjs.org/@material/form-field/-/form-field-0.44.0.tgz",
      "integrity": "sha512-SK+V34dzoBCQ/CHn5nBp8BAh21Vj9p1pcok+/WpYBTeg4EphTYP2nUQLMNEN92l6zjgAYf+g9Ocj3t26HNHWqA==",
      "requires": {
        "@material/base": "^0.41.0",
        "@material/rtl": "^0.42.0",
        "@material/selection-control": "^0.44.0",
        "@material/theme": "^0.43.0",
        "@material/typography": "^0.44.0"
      }
    },
    "@material/grid-list": {
      "version": "0.44.0",
      "resolved": "https://registry.npmjs.org/@material/grid-list/-/grid-list-0.44.0.tgz",
      "integrity": "sha512-NxLL0A48K1O14ZZymFIyf6HDbF33+NgXYXqP2yosTC3Jw4iwmUcJTpFTmSw1U/m1xT4zEpeKEGJ4vjVUWpS9Mg==",
      "requires": {
        "@material/base": "^0.41.0",
        "@material/rtl": "^0.42.0",
        "@material/theme": "^0.43.0",
        "@material/typography": "^0.44.0"
      }
    },
    "@material/icon-button": {
      "version": "0.44.0",
      "resolved": "https://registry.npmjs.org/@material/icon-button/-/icon-button-0.44.0.tgz",
      "integrity": "sha512-n6L7RaRyEci6eGsuBTSEG+t9ATHAHaMlf9zuTWorEnIXY4DAmGO7ggBjw4+1XIOjhpLeIjyJdcvUK6Yz/UVM6Q==",
      "requires": {
        "@material/base": "^0.41.0",
        "@material/ripple": "^0.44.0",
        "@material/theme": "^0.43.0"
      }
    },
    "@material/icon-toggle": {
      "version": "0.44.0",
      "resolved": "https://registry.npmjs.org/@material/icon-toggle/-/icon-toggle-0.44.0.tgz",
      "integrity": "sha512-8T1b4iK61/q/3U0iIjEDJ9do5viCQ45IbrQqa8EYCZ1KDU/Q8z5N+bvOzQK8XnTL51BdDRMgP9lfQZh6nszmkA==",
      "requires": {
        "@material/animation": "^0.41.0",
        "@material/base": "^0.41.0",
        "@material/ripple": "^0.44.0",
        "@material/theme": "^0.43.0"
      }
    },
    "@material/image-list": {
      "version": "0.44.0",
      "resolved": "https://registry.npmjs.org/@material/image-list/-/image-list-0.44.0.tgz",
      "integrity": "sha512-kI9aKJdc1Bd02l8nRTGG1wy/lNkECScfnBmCiLQ3XjAFtRYd2eWO0Z/AVvUG3egsIZnZBxqFGGsf5Htm9E/HiQ==",
      "requires": {
        "@material/shape": "^0.43.0",
        "@material/theme": "^0.43.0",
        "@material/typography": "^0.44.0"
      }
    },
    "@material/layout-grid": {
      "version": "0.41.0",
      "resolved": "https://registry.npmjs.org/@material/layout-grid/-/layout-grid-0.41.0.tgz",
      "integrity": "sha512-Sa5RNoTGgfIojqJ9E94p7/k11V6q/tGk7HwKi4AQNAPjxield0zcl3G/SbsSb8YSHoK+D+7OXDN+n11x6EqF7g=="
    },
    "@material/line-ripple": {
      "version": "0.43.0",
      "resolved": "https://registry.npmjs.org/@material/line-ripple/-/line-ripple-0.43.0.tgz",
      "integrity": "sha512-sXZYW4Em5uLEnAuVsQCO+sVHsTg7J2TOTJ0+akwZFMmd2tmNicjarQdlGIE9iU7Wjm51NOoLAu6Mz+8kLg90bQ==",
      "requires": {
        "@material/animation": "^0.41.0",
        "@material/base": "^0.41.0",
        "@material/theme": "^0.43.0"
      }
    },
    "@material/linear-progress": {
      "version": "0.43.0",
      "resolved": "https://registry.npmjs.org/@material/linear-progress/-/linear-progress-0.43.0.tgz",
      "integrity": "sha512-bqkDcob+xp1mFkyBsOkoaLgrtapmz7jznGoI3nmkqyk75EB2XQcn1H8Vr6cnp/jkF4nbKu0GdVJO3VXUFmGmrQ==",
      "requires": {
        "@material/animation": "^0.41.0",
        "@material/base": "^0.41.0",
        "@material/theme": "^0.43.0"
      }
    },
    "@material/list": {
      "version": "0.44.0",
      "resolved": "https://registry.npmjs.org/@material/list/-/list-0.44.0.tgz",
      "integrity": "sha512-35gkN1+XZaau9d9ngyN2x14bzkj/ajZCDm7mbWibDQy272A16j6KuFLQFA8RUQV04OgL4YPVxY87dpCn/p+uTg==",
      "requires": {
        "@material/base": "^0.41.0",
        "@material/dom": "^0.41.0",
        "@material/ripple": "^0.44.0",
        "@material/rtl": "^0.42.0",
        "@material/shape": "^0.43.0",
        "@material/theme": "^0.43.0",
        "@material/typography": "^0.44.0"
      }
    },
    "@material/menu": {
      "version": "0.44.0",
      "resolved": "https://registry.npmjs.org/@material/menu/-/menu-0.44.0.tgz",
      "integrity": "sha512-92XvAcv9rBW1jQ3UvwJ8zk9hbSRe/FqSuFdZ9fNPE348dCY2pbcdQfnUJTe3ycAN/I1c5frkrhx8F0II+nfbNQ==",
      "requires": {
        "@material/base": "^0.41.0",
        "@material/list": "^0.44.0",
        "@material/menu-surface": "^0.44.0",
        "@material/ripple": "^0.44.0",
        "@material/rtl": "^0.42.0"
      }
    },
    "@material/menu-surface": {
      "version": "0.44.0",
      "resolved": "https://registry.npmjs.org/@material/menu-surface/-/menu-surface-0.44.0.tgz",
      "integrity": "sha512-s49kvIlQ4H5wvMD4yeHMMqnamPod06IUagMK6Ry0oTpUANSnyeNXxa3HkScl7DMJiS8IJeV21fSLAzlZYP2PDQ==",
      "requires": {
        "@material/animation": "^0.41.0",
        "@material/base": "^0.41.0",
        "@material/elevation": "^0.44.0",
        "@material/rtl": "^0.42.0",
        "@material/shape": "^0.43.0",
        "@material/theme": "^0.43.0"
      }
    },
    "@material/notched-outline": {
      "version": "0.44.0",
      "resolved": "https://registry.npmjs.org/@material/notched-outline/-/notched-outline-0.44.0.tgz",
      "integrity": "sha512-c3nqOqUQAmW3h4zBbZVbMRdf4nNTYm0tVwXIAwmcCs5nvAthEHnzHwwFddNP7/9Wju6LZ0uqWn6xlyKly0uipw==",
      "requires": {
        "@material/animation": "^0.41.0",
        "@material/base": "^0.41.0",
        "@material/floating-label": "^0.44.0",
        "@material/rtl": "^0.42.0",
        "@material/shape": "^0.43.0",
        "@material/theme": "^0.43.0"
      }
    },
    "@material/radio": {
      "version": "0.44.0",
      "resolved": "https://registry.npmjs.org/@material/radio/-/radio-0.44.0.tgz",
      "integrity": "sha512-ar7uhlfHuSwM9JUUjpv7pLDLE0p436cCMxNTpmMjWabfvo3pMWlExvk72Oj81tBgfxY/uASLB3oj4neudXu9JQ==",
      "requires": {
        "@material/animation": "^0.41.0",
        "@material/base": "^0.41.0",
        "@material/ripple": "^0.44.0",
        "@material/selection-control": "^0.44.0",
        "@material/theme": "^0.43.0"
      }
    },
    "@material/ripple": {
      "version": "0.44.0",
      "resolved": "https://registry.npmjs.org/@material/ripple/-/ripple-0.44.0.tgz",
      "integrity": "sha512-MlaW4nUDgzS0JOBfsUawXyTOilr0jn+xvTVn6PEaGh2rmhNA54AhixXvdsVUWE9lfmHAsZV0AJHz2z7nunNhbQ==",
      "requires": {
        "@material/animation": "^0.41.0",
        "@material/base": "^0.41.0",
        "@material/feature-targeting": "^0.44.0",
        "@material/theme": "^0.43.0"
      }
    },
    "@material/rtl": {
      "version": "0.42.0",
      "resolved": "https://registry.npmjs.org/@material/rtl/-/rtl-0.42.0.tgz",
      "integrity": "sha512-VrnrKJzhmspsN8WXHuxxBZ69yM5IwhCUqWr1t1eNfw3ZEvEj7i1g3P31HGowKThIN1dc1Wh4LE14rCISWCtv5w=="
    },
    "@material/select": {
      "version": "0.44.0",
      "resolved": "https://registry.npmjs.org/@material/select/-/select-0.44.0.tgz",
      "integrity": "sha512-tw3/QIBLuRCT+5IXx4IPiJk7FzeGeR65JEizdRUItH8yzoIiQLs/b2i3KtHM2YBXHgeUcEBF2AOqPX2opdYhug==",
      "requires": {
        "@material/animation": "^0.41.0",
        "@material/base": "^0.41.0",
        "@material/floating-label": "^0.44.0",
        "@material/line-ripple": "^0.43.0",
        "@material/menu": "^0.44.0",
        "@material/menu-surface": "^0.44.0",
        "@material/notched-outline": "^0.44.0",
        "@material/ripple": "^0.44.0",
        "@material/rtl": "^0.42.0",
        "@material/shape": "^0.43.0",
        "@material/theme": "^0.43.0",
        "@material/typography": "^0.44.0"
      }
    },
    "@material/selection-control": {
      "version": "0.44.0",
      "resolved": "https://registry.npmjs.org/@material/selection-control/-/selection-control-0.44.0.tgz",
      "integrity": "sha512-HgCAPnMVMEj4X4ILkFSifqtZ3Tcc5HkU+Lfk9g0807sCaN/qBKWkYKLH2WJUbW8uk+MXK7DgP1khtS5zzanJWA==",
      "requires": {
        "@material/ripple": "^0.44.0"
      }
    },
    "@material/shape": {
      "version": "0.43.0",
      "resolved": "https://registry.npmjs.org/@material/shape/-/shape-0.43.0.tgz",
      "integrity": "sha512-KGnoQV4G2OQbMe5Lr5Xbk8XNlO93Qi/juxXtd2wrAfiaPmktD8ug0CwdVDOPBOmj9a0gX3Ofi9XWcoU+tLEVjg=="
    },
    "@material/slider": {
      "version": "0.44.0",
      "resolved": "https://registry.npmjs.org/@material/slider/-/slider-0.44.0.tgz",
      "integrity": "sha512-Lnn2fdUesXX4O0UpJzveEuOj+og+dXCwhal73u3l3NXEdc/eRgYxwWdF3ww4MmCZ786EwUmjb4vIc9olN4DO3A==",
      "requires": {
        "@material/animation": "^0.41.0",
        "@material/base": "^0.41.0",
        "@material/rtl": "^0.42.0",
        "@material/theme": "^0.43.0",
        "@material/typography": "^0.44.0"
      }
    },
    "@material/snackbar": {
      "version": "0.44.0",
      "resolved": "https://registry.npmjs.org/@material/snackbar/-/snackbar-0.44.0.tgz",
      "integrity": "sha512-KhCrmJm8Zu/ZZPuRCGfMKsZ0vudINlNgTjlOau0kQ/UgR1xBUvLOE8NjyXZr0RQz5obyW7xpyIWIpscn0IUeyw==",
      "requires": {
        "@material/animation": "^0.41.0",
        "@material/base": "^0.41.0",
        "@material/button": "^0.44.0",
        "@material/dom": "^0.41.0",
        "@material/icon-button": "^0.44.0",
        "@material/ripple": "^0.44.0",
        "@material/rtl": "^0.42.0",
        "@material/shape": "^0.43.0",
        "@material/theme": "^0.43.0",
        "@material/typography": "^0.44.0"
      }
    },
    "@material/switch": {
      "version": "0.44.0",
      "resolved": "https://registry.npmjs.org/@material/switch/-/switch-0.44.0.tgz",
      "integrity": "sha512-EadCg6lHUF260R2Q/l++vXIITqacvbXlobSoewA5ib6y9BU2g7l13wL1W8xAVJNUMgFa/PyN+EKT3oCql7jZLg==",
      "requires": {
        "@material/animation": "^0.41.0",
        "@material/base": "^0.41.0",
        "@material/elevation": "^0.44.0",
        "@material/ripple": "^0.44.0",
        "@material/rtl": "^0.42.0",
        "@material/selection-control": "^0.44.0",
        "@material/theme": "^0.43.0"
      }
    },
    "@material/tab": {
      "version": "0.44.0",
      "resolved": "https://registry.npmjs.org/@material/tab/-/tab-0.44.0.tgz",
      "integrity": "sha512-czrbGjtKkmUS3iYBX523xT5GOkjP0h+0x9fTnw+heFNpw5dCn6cZvlj3D9ayZU+ZH93x68TFhFVBuLU5f0EBXw==",
      "requires": {
        "@material/base": "^0.41.0",
        "@material/ripple": "^0.44.0",
        "@material/rtl": "^0.42.0",
        "@material/tab-indicator": "^0.43.0",
        "@material/theme": "^0.43.0",
        "@material/typography": "^0.44.0"
      }
    },
    "@material/tab-bar": {
      "version": "0.44.0",
      "resolved": "https://registry.npmjs.org/@material/tab-bar/-/tab-bar-0.44.0.tgz",
      "integrity": "sha512-kCrt05d61YXyY43SNc0dPGuqysbcLr/KRDBvzpXgE4gv2jCCVhhjAH10KPlx8pthp/UtvrYJHb34acAKEGzdHA==",
      "requires": {
        "@material/base": "^0.41.0",
        "@material/elevation": "^0.44.0",
        "@material/tab": "^0.44.0",
        "@material/tab-scroller": "^0.44.0"
      }
    },
    "@material/tab-indicator": {
      "version": "0.43.0",
      "resolved": "https://registry.npmjs.org/@material/tab-indicator/-/tab-indicator-0.43.0.tgz",
      "integrity": "sha512-RMNMQpWYghWpM6d0ayfuHEPzTiebKG0bMthViiD6tly8PubmOT8mShNhPm8ihybhDPUOLSz+7V4QNE5wikLEYg==",
      "requires": {
        "@material/animation": "^0.41.0",
        "@material/base": "^0.41.0",
        "@material/theme": "^0.43.0"
      }
    },
    "@material/tab-scroller": {
      "version": "0.44.0",
      "resolved": "https://registry.npmjs.org/@material/tab-scroller/-/tab-scroller-0.44.0.tgz",
      "integrity": "sha512-Ufd3NWBN11kY2oA7bGmTYWGP1uz2mq0tfDM0JOiqoLMgD7y3Z18kmxnpq2qkg1vi4kvix28hBYGGMfLlq9rGDA==",
      "requires": {
        "@material/animation": "^0.41.0",
        "@material/base": "^0.41.0",
        "@material/tab": "^0.44.0"
      }
    },
    "@material/textfield": {
      "version": "0.44.0",
      "resolved": "https://registry.npmjs.org/@material/textfield/-/textfield-0.44.0.tgz",
      "integrity": "sha512-IMBwMcE82eVU+Wifpu0t84tozvBPLCeqQELDtZNYujKg3RxaultzJLwIyGKPMZ9R4yPEpV2vgXPGKE+2/AWt0g==",
      "requires": {
        "@material/animation": "^0.41.0",
        "@material/base": "^0.41.0",
        "@material/floating-label": "^0.44.0",
        "@material/line-ripple": "^0.43.0",
        "@material/notched-outline": "^0.44.0",
        "@material/ripple": "^0.44.0",
        "@material/rtl": "^0.42.0",
        "@material/shape": "^0.43.0",
        "@material/theme": "^0.43.0",
        "@material/typography": "^0.44.0"
      }
    },
    "@material/theme": {
      "version": "0.43.0",
      "resolved": "https://registry.npmjs.org/@material/theme/-/theme-0.43.0.tgz",
      "integrity": "sha512-/zndZL6EihI18v2mYd4O8xvOBAAXmLeHyHVK28LozSAaJ9okQgD25wq5Ktk95oMTmPIC+rH66KcK6371ivNk8g=="
    },
    "@material/toolbar": {
      "version": "0.44.0",
      "resolved": "https://registry.npmjs.org/@material/toolbar/-/toolbar-0.44.0.tgz",
      "integrity": "sha512-YgLlOFQ5VzFLQBpXYSMviEbYox0fia+sasHuYPUhTAtas1ExVt9EEiIolDSVvhv2PruTReKKefxSbXAqGlOHog==",
      "requires": {
        "@material/base": "^0.41.0",
        "@material/elevation": "^0.44.0",
        "@material/ripple": "^0.44.0",
        "@material/rtl": "^0.42.0",
        "@material/theme": "^0.43.0",
        "@material/typography": "^0.44.0"
      }
    },
    "@material/top-app-bar": {
      "version": "0.44.0",
      "resolved": "https://registry.npmjs.org/@material/top-app-bar/-/top-app-bar-0.44.0.tgz",
      "integrity": "sha512-tf0yXQJARYs8UPaH8oo3LnsSHEiur7Zm8Fc3hv3F0gNRRaZYBjwsMQMVbZZaWoQCWskMALyntBg+Fo18zdgDxw==",
      "requires": {
        "@material/animation": "^0.41.0",
        "@material/base": "^0.41.0",
        "@material/elevation": "^0.44.0",
        "@material/ripple": "^0.44.0",
        "@material/rtl": "^0.42.0",
        "@material/shape": "^0.43.0",
        "@material/theme": "^0.43.0",
        "@material/typography": "^0.44.0"
      }
    },
    "@material/typography": {
      "version": "0.44.0",
      "resolved": "https://registry.npmjs.org/@material/typography/-/typography-0.44.0.tgz",
      "integrity": "sha512-m4SjA9OjZRDKowN3cPzEa8e2GlTlEn3ZmW/Fy9eRNSp83iY+8a0xl6kCaF80v5qAVwVcpfEFyEHWxMJtkBw2uA=="
    },
    "focus-trap": {
      "version": "4.0.2",
      "resolved": "https://registry.npmjs.org/focus-trap/-/focus-trap-4.0.2.tgz",
      "integrity": "sha512-HtLjfAK7Hp2qbBtLS6wEznID1mPT+48ZnP2nkHzgjpL4kroYHg0CdqJ5cTXk+UO5znAxF5fRUkhdyfgrhh8Lzw==",
      "requires": {
        "tabbable": "^3.1.2",
        "xtend": "^4.0.1"
      }
    },
    "material-components-web": {
      "version": "0.44.0",
      "resolved": "https://registry.npmjs.org/material-components-web/-/material-components-web-0.44.0.tgz",
      "integrity": "sha512-BSRLf58SMVhAvlDhJDlcgYuvzeMwbMHKTJ7oIB8LaM24ZpXBxP9XCYJpKheMtiVLrgllCGDlJ/47OIDReHQXdQ==",
      "requires": {
        "@material/animation": "^0.41.0",
        "@material/auto-init": "^0.41.0",
        "@material/base": "^0.41.0",
        "@material/button": "^0.44.0",
        "@material/card": "^0.44.0",
        "@material/checkbox": "^0.44.0",
        "@material/chips": "^0.44.0",
        "@material/dialog": "^0.44.0",
        "@material/dom": "^0.41.0",
        "@material/drawer": "^0.44.0",
        "@material/elevation": "^0.44.0",
        "@material/fab": "^0.44.0",
        "@material/feature-targeting": "^0.44.0",
        "@material/floating-label": "^0.44.0",
        "@material/form-field": "^0.44.0",
        "@material/grid-list": "^0.44.0",
        "@material/icon-button": "^0.44.0",
        "@material/icon-toggle": "^0.44.0",
        "@material/image-list": "^0.44.0",
        "@material/layout-grid": "^0.41.0",
        "@material/line-ripple": "^0.43.0",
        "@material/linear-progress": "^0.43.0",
        "@material/list": "^0.44.0",
        "@material/menu": "^0.44.0",
        "@material/menu-surface": "^0.44.0",
        "@material/notched-outline": "^0.44.0",
        "@material/radio": "^0.44.0",
        "@material/ripple": "^0.44.0",
        "@material/rtl": "^0.42.0",
        "@material/select": "^0.44.0",
        "@material/selection-control": "^0.44.0",
        "@material/shape": "^0.43.0",
        "@material/slider": "^0.44.0",
        "@material/snackbar": "^0.44.0",
        "@material/switch": "^0.44.0",
        "@material/tab": "^0.44.0",
        "@material/tab-bar": "^0.44.0",
        "@material/tab-indicator": "^0.43.0",
        "@material/tab-scroller": "^0.44.0",
        "@material/textfield": "^0.44.0",
        "@material/theme": "^0.43.0",
        "@material/toolbar": "^0.44.0",
        "@material/top-app-bar": "^0.44.0",
        "@material/typography": "^0.44.0"
      }
    },
    "tabbable": {
      "version": "3.1.2",
      "resolved": "https://registry.npmjs.org/tabbable/-/tabbable-3.1.2.tgz",
      "integrity": "sha512-wjB6puVXTYO0BSFtCmWQubA/KIn7Xvajw0x0l6eJUudMG/EAiJvIUnyNX6xO4NpGrJ16lbD0eUseB9WxW0vlpQ=="
    },
    "xtend": {
      "version": "4.0.1",
      "resolved": "https://registry.npmjs.org/xtend/-/xtend-4.0.1.tgz",
      "integrity": "sha1-pcbVMr5lbiPbgg77lDofBJmNY68="
    }
  }
}
