{
  "name": "edricchan03.github.io",
  "version": "0.0.0",
  "lockfileVersion": 1,
  "requires": true,
  "dependencies": {
    "@material/animation": {
      "version": "3.0.0",
      "resolved": "https://registry.npmjs.org/@material/animation/-/animation-3.0.0.tgz",
      "integrity": "sha512-DMydZC9A3S0ACSciYqNAl4koNG6N366zU1n0dZQQH6UT0BM2UHrTY5SWSFTIgwULgN7ZQqmuigeGS8DB2efAtA==",
      "requires": {
        "tslib": "^1.9.3"
      }
    },
    "@material/auto-init": {
      "version": "3.0.0",
      "resolved": "https://registry.npmjs.org/@material/auto-init/-/auto-init-3.0.0.tgz",
      "integrity": "sha512-svfoUupWj0oZkPbviLifhfcRWdFDuHmOYdJz5p3nXQteTCZxSQILw6hu5y8IoV9YEwD+QosHu5elpgM6kfE8wA==",
      "requires": {
        "@material/base": "^3.0.0",
        "tslib": "^1.9.3"
      }
    },
    "@material/base": {
      "version": "3.0.0",
      "resolved": "https://registry.npmjs.org/@material/base/-/base-3.0.0.tgz",
      "integrity": "sha512-ZCHKBFOoxLCmxutqcY0PKrilku16hj4e/hu1XPVOpwv+Ij2ill2Wvf2/khaZm1Y4We4wVygbnT/ILYpxx1GflQ==",
      "requires": {
        "tslib": "^1.9.3"
      }
    },
    "@material/button": {
      "version": "3.1.0-alpha.0",
      "resolved": "https://registry.npmjs.org/@material/button/-/button-3.1.0-alpha.0.tgz",
      "integrity": "sha512-aTkk8mueBM52nAx5oOQ86ky2C3H/DkGSfC8vMW3PfwaSAotBOprOS9yTqIt6tK+tTj3MZTxz0DkKlScBQDb5Qg==",
      "requires": {
        "@material/elevation": "^3.1.0-alpha.0",
        "@material/feature-targeting": "^3.0.0",
        "@material/ripple": "^3.1.0-alpha.0",
        "@material/rtl": "^3.0.0",
        "@material/shape": "^3.0.0",
        "@material/theme": "^3.1.0-alpha.0",
        "@material/typography": "^3.0.0"
      }
    },
    "@material/card": {
      "version": "3.1.0-alpha.0",
      "resolved": "https://registry.npmjs.org/@material/card/-/card-3.1.0-alpha.0.tgz",
      "integrity": "sha512-ssyv1YlAlenFPgC/d5AiZ+XNqG2rIrJdk6SGptR+XKX4y7MiPBuITFnZLMo77pipy2R4h6zEwb3B3g0SQvdfxg==",
      "requires": {
        "@material/elevation": "^3.1.0-alpha.0",
        "@material/feature-targeting": "^3.0.0",
        "@material/ripple": "^3.1.0-alpha.0",
        "@material/rtl": "^3.0.0",
        "@material/shape": "^3.0.0",
        "@material/theme": "^3.1.0-alpha.0"
      }
    },
    "@material/checkbox": {
      "version": "3.1.0-alpha.0",
      "resolved": "https://registry.npmjs.org/@material/checkbox/-/checkbox-3.1.0-alpha.0.tgz",
      "integrity": "sha512-YWKOO3A8RSgPujwhhz0FOrtDy+siN9oDzYhuwNTvJyYgpTQ2CLvTamZYgW7X3znVUeFdXr1/xmRusxfrUPlNcw==",
      "requires": {
        "@material/animation": "^3.0.0",
        "@material/base": "^3.0.0",
        "@material/dom": "^3.0.0",
        "@material/feature-targeting": "^3.0.0",
        "@material/ripple": "^3.1.0-alpha.0",
        "@material/rtl": "^3.0.0",
        "@material/theme": "^3.1.0-alpha.0",
        "tslib": "^1.9.3"
      }
    },
    "@material/chips": {
      "version": "3.1.0-alpha.0",
      "resolved": "https://registry.npmjs.org/@material/chips/-/chips-3.1.0-alpha.0.tgz",
      "integrity": "sha512-WU6hSvUQSWtvHuw89xhfFZJRoRJobBgq2xxPhYnGs17W7DXDi75OAe4C7UAwBDrMWn6E6ZVCmTuUgiHe+wzHxw==",
      "requires": {
        "@material/animation": "^3.0.0",
        "@material/base": "^3.0.0",
        "@material/checkbox": "^3.1.0-alpha.0",
        "@material/elevation": "^3.1.0-alpha.0",
        "@material/feature-targeting": "^3.0.0",
        "@material/ripple": "^3.1.0-alpha.0",
        "@material/shape": "^3.0.0",
        "@material/theme": "^3.1.0-alpha.0",
        "@material/typography": "^3.0.0",
        "tslib": "^1.9.3"
      }
    },
    "@material/data-table": {
      "version": "3.1.0-alpha.0",
      "resolved": "https://registry.npmjs.org/@material/data-table/-/data-table-3.1.0-alpha.0.tgz",
      "integrity": "sha512-Oi2R643qUlkUmn76OHzAFzMmHxe0LXBHIELyxG5qlN832ReBIWxkuUcp2OTHJLmW/5w1wCfFKCfbLtNobPLL/Q==",
      "requires": {
        "@material/animation": "^3.0.0",
        "@material/base": "^3.0.0",
        "@material/checkbox": "^3.1.0-alpha.0",
        "@material/dom": "^3.0.0",
        "@material/elevation": "^3.1.0-alpha.0",
        "@material/feature-targeting": "^3.0.0",
        "@material/ripple": "^3.1.0-alpha.0",
        "@material/rtl": "^3.0.0",
        "@material/shape": "^3.0.0",
        "@material/theme": "^3.1.0-alpha.0",
        "@material/typography": "^3.0.0",
        "tslib": "^1.10.0"
      }
    },
    "@material/dialog": {
      "version": "3.1.0-alpha.0",
      "resolved": "https://registry.npmjs.org/@material/dialog/-/dialog-3.1.0-alpha.0.tgz",
      "integrity": "sha512-0zDRL9LtGDeazVYbttlO3gJ91PmEAsm5++2IVw2C0QG7U8oaHy2R8e5yZuHtqjWux+NPdHm0tkZfu0BxiDy7cg==",
      "requires": {
        "@material/animation": "^3.0.0",
        "@material/base": "^3.0.0",
        "@material/dom": "^3.0.0",
        "@material/elevation": "^3.1.0-alpha.0",
        "@material/feature-targeting": "^3.0.0",
        "@material/ripple": "^3.1.0-alpha.0",
        "@material/rtl": "^3.0.0",
        "@material/shape": "^3.0.0",
        "@material/theme": "^3.1.0-alpha.0",
        "@material/typography": "^3.0.0",
        "focus-trap": "^5.0.0",
        "tslib": "^1.9.3"
      }
    },
    "@material/dom": {
      "version": "3.0.0",
      "resolved": "https://registry.npmjs.org/@material/dom/-/dom-3.0.0.tgz",
      "integrity": "sha512-yMTu+R7IHNf0dvdobY2CxFCRh+l3qV8844Okpq0+l1e2lpLo75jrv9sA16yba+3yEvBmcSsu7XtYmC8v0GLWgQ==",
      "requires": {
        "tslib": "^1.9.3"
      }
    },
    "@material/drawer": {
      "version": "3.1.0-alpha.0",
      "resolved": "https://registry.npmjs.org/@material/drawer/-/drawer-3.1.0-alpha.0.tgz",
      "integrity": "sha512-ZRB5v+FhKnvCh8yFT7hXk0colzOTxVMXShDRpAt/9O4EGD7LZ1d0qhnGle6CGEj6VsKeTT4A92ziSEJu1W5IPA==",
      "requires": {
        "@material/animation": "^3.0.0",
        "@material/base": "^3.0.0",
        "@material/elevation": "^3.1.0-alpha.0",
        "@material/feature-targeting": "^3.0.0",
        "@material/list": "^3.1.0-alpha.0",
        "@material/ripple": "^3.1.0-alpha.0",
        "@material/rtl": "^3.0.0",
        "@material/shape": "^3.0.0",
        "@material/theme": "^3.1.0-alpha.0",
        "@material/typography": "^3.0.0",
        "focus-trap": "^5.0.0",
        "tslib": "^1.9.3"
      }
    },
    "@material/elevation": {
      "version": "3.1.0-alpha.0",
      "resolved": "https://registry.npmjs.org/@material/elevation/-/elevation-3.1.0-alpha.0.tgz",
      "integrity": "sha512-L5Ese09oRfHmuz/pcRkGwkfzveOcWrbcb/PA9WaDAXeGQJKQLA2x21x+MqKjRFnoD6RPkyO9sIb7cBnLAUxKhQ==",
      "requires": {
        "@material/animation": "^3.0.0",
        "@material/feature-targeting": "^3.0.0",
        "@material/theme": "^3.1.0-alpha.0"
      }
    },
    "@material/fab": {
      "version": "3.1.0-alpha.0",
      "resolved": "https://registry.npmjs.org/@material/fab/-/fab-3.1.0-alpha.0.tgz",
      "integrity": "sha512-3xmiYd51aqqRnZ/gFiS6FCtQxf26nZOc3SCwyU/l7XJltfRNdYQd8OW3kyHjfDSKUKb2+L/fI+UrWwoRdRS1yQ==",
      "requires": {
        "@material/animation": "^3.0.0",
        "@material/elevation": "^3.1.0-alpha.0",
        "@material/feature-targeting": "^3.0.0",
        "@material/ripple": "^3.1.0-alpha.0",
        "@material/rtl": "^3.0.0",
        "@material/shape": "^3.0.0",
        "@material/theme": "^3.1.0-alpha.0",
        "@material/typography": "^3.0.0"
      }
    },
    "@material/feature-targeting": {
      "version": "3.0.0",
      "resolved": "https://registry.npmjs.org/@material/feature-targeting/-/feature-targeting-3.0.0.tgz",
      "integrity": "sha512-h7Xf+5nPKk8q50pL4zk1oEzJ3aPbKohlww1yKENUAKDW/O2hOj8HW3i4mePWd56j1Kr1/YPoVBGCdLkw4X8ZhA=="
    },
    "@material/floating-label": {
      "version": "3.1.0-alpha.0",
      "resolved": "https://registry.npmjs.org/@material/floating-label/-/floating-label-3.1.0-alpha.0.tgz",
      "integrity": "sha512-XPe2YQ18ZvuMxJ21yFtswjoS2s4TTFFX6MBG4r13lLzRWkjtokLUBUDyzx6VICJUw/KxPOC2Ylpg1UTICAhAhQ==",
      "requires": {
        "@material/animation": "^3.0.0",
        "@material/base": "^3.0.0",
        "@material/rtl": "^3.0.0",
        "@material/theme": "^3.1.0-alpha.0",
        "@material/typography": "^3.0.0",
        "tslib": "^1.9.3"
      }
    },
    "@material/form-field": {
      "version": "3.1.0-alpha.0",
      "resolved": "https://registry.npmjs.org/@material/form-field/-/form-field-3.1.0-alpha.0.tgz",
      "integrity": "sha512-SSIs8yf80A9xcz+Lod2g1VobgsI8IBGPHnZYGULoAevHsvUVuV9DBg1rf6z31h96N/ZsadISxwMwi5LoCJVM6A==",
      "requires": {
        "@material/base": "^3.0.0",
        "@material/feature-targeting": "^3.0.0",
        "@material/ripple": "^3.1.0-alpha.0",
        "@material/rtl": "^3.0.0",
        "@material/theme": "^3.1.0-alpha.0",
        "@material/typography": "^3.0.0",
        "tslib": "^1.9.3"
      }
    },
    "@material/grid-list": {
      "version": "3.1.0-alpha.0",
      "resolved": "https://registry.npmjs.org/@material/grid-list/-/grid-list-3.1.0-alpha.0.tgz",
      "integrity": "sha512-fHdQc68sU9MCApcmPt9dW22zaEbZ9HlwM7GR50RLZJ9i+cjYeZzichdFk2OxzqHiTPyf1kuhZIov781K67eBGA==",
      "requires": {
        "@material/base": "^3.0.0",
        "@material/feature-targeting": "^3.0.0",
        "@material/rtl": "^3.0.0",
        "@material/theme": "^3.1.0-alpha.0",
        "@material/typography": "^3.0.0",
        "tslib": "^1.9.3"
      }
    },
    "@material/icon-button": {
      "version": "3.1.0-alpha.0",
      "resolved": "https://registry.npmjs.org/@material/icon-button/-/icon-button-3.1.0-alpha.0.tgz",
      "integrity": "sha512-3Iemnx32S2g2mn943ZAToT1vwxqYI0WOK2DoHSZGe3h69oAnspx4a7KyhI+vKzRrzS3lwk2pxd95Y/TfW0h4mA==",
      "requires": {
        "@material/base": "^3.0.0",
        "@material/feature-targeting": "^3.0.0",
        "@material/ripple": "^3.1.0-alpha.0",
        "@material/theme": "^3.1.0-alpha.0",
        "tslib": "^1.9.3"
      }
    },
    "@material/image-list": {
      "version": "3.1.0-alpha.0",
      "resolved": "https://registry.npmjs.org/@material/image-list/-/image-list-3.1.0-alpha.0.tgz",
      "integrity": "sha512-ce14fRIhg3du3YUjQZ42yYVUF5DkYtMyj5BIlQW1Sdtgh5pcUQc57OXpK/Ttg6Pb30yCQPpvWUP5qkNTHr5fag==",
      "requires": {
        "@material/feature-targeting": "^3.0.0",
        "@material/shape": "^3.0.0",
        "@material/theme": "^3.1.0-alpha.0",
        "@material/typography": "^3.0.0"
      }
    },
    "@material/layout-grid": {
      "version": "3.0.0",
      "resolved": "https://registry.npmjs.org/@material/layout-grid/-/layout-grid-3.0.0.tgz",
      "integrity": "sha512-MZu6/0vc/1Pum1t63KoxQSTkmIs1FxSmaRWqbdAFT9fTlbB+0VEiPI1m4n/y5R/mQUCzMLq2gj4slrjVFjvtUQ=="
    },
    "@material/line-ripple": {
      "version": "3.1.0-alpha.0",
      "resolved": "https://registry.npmjs.org/@material/line-ripple/-/line-ripple-3.1.0-alpha.0.tgz",
      "integrity": "sha512-l5L503zCIjDgjRjdtBnsO/q/cJ5iKni3wnPRtkA32a+Vv2rtLHpI5goCc+8xx70Vv+yDZc3WutMI8Qmul5+8eA==",
      "requires": {
        "@material/animation": "^3.0.0",
        "@material/base": "^3.0.0",
        "@material/theme": "^3.1.0-alpha.0",
        "tslib": "^1.9.3"
      }
    },
    "@material/linear-progress": {
      "version": "3.1.0-alpha.0",
      "resolved": "https://registry.npmjs.org/@material/linear-progress/-/linear-progress-3.1.0-alpha.0.tgz",
      "integrity": "sha512-lLKGp7YEmD7gG/dtc8orYRPuWNgzR6ZoXuvCg6JhzQFVBz+ObYkJdwL5kisBdpNRcsMhG3WzKy2Njl/PPyZ9uw==",
      "requires": {
        "@material/animation": "^3.0.0",
        "@material/base": "^3.0.0",
        "@material/theme": "^3.1.0-alpha.0",
        "tslib": "^1.9.3"
      }
    },
    "@material/list": {
      "version": "3.1.0-alpha.0",
      "resolved": "https://registry.npmjs.org/@material/list/-/list-3.1.0-alpha.0.tgz",
      "integrity": "sha512-punniNwQDwrtLizwUEcZ0xbhcOH4jXj42NwbbHSfkhl9n8GEt8Eaj+CGSHMv6toxw3PQdW0idV+6vSfKiGHH7w==",
      "requires": {
        "@material/base": "^3.0.0",
        "@material/dom": "^3.0.0",
        "@material/feature-targeting": "^3.0.0",
        "@material/ripple": "^3.1.0-alpha.0",
        "@material/rtl": "^3.0.0",
        "@material/shape": "^3.0.0",
        "@material/theme": "^3.1.0-alpha.0",
        "@material/typography": "^3.0.0",
        "tslib": "^1.9.3"
      }
    },
    "@material/menu": {
      "version": "3.1.0-alpha.0",
      "resolved": "https://registry.npmjs.org/@material/menu/-/menu-3.1.0-alpha.0.tgz",
      "integrity": "sha512-g3Zie0XamfxvlZkebrezprncHptDv7l3btKILrgOEzx/W8HFN+QM5/guM8IQsDRr716hmgntcYaw+TFjSbUumQ==",
      "requires": {
        "@material/base": "^3.0.0",
        "@material/dom": "^3.0.0",
        "@material/feature-targeting": "^3.0.0",
        "@material/list": "^3.1.0-alpha.0",
        "@material/menu-surface": "^3.1.0-alpha.0",
        "@material/ripple": "^3.1.0-alpha.0",
        "@material/rtl": "^3.0.0",
        "tslib": "^1.9.3"
      }
    },
    "@material/menu-surface": {
      "version": "3.1.0-alpha.0",
      "resolved": "https://registry.npmjs.org/@material/menu-surface/-/menu-surface-3.1.0-alpha.0.tgz",
      "integrity": "sha512-7hKd3JdlsZS1VJVuUGgNIkyZ9ja3FlijdDYadgndj1Vd9ekSPWveFJeY63WHQAzIRLsUpmQVBJ8wK4fPJnfCJA==",
      "requires": {
        "@material/animation": "^3.0.0",
        "@material/base": "^3.0.0",
        "@material/elevation": "^3.1.0-alpha.0",
        "@material/feature-targeting": "^3.0.0",
        "@material/rtl": "^3.0.0",
        "@material/shape": "^3.0.0",
        "@material/theme": "^3.1.0-alpha.0",
        "tslib": "^1.9.3"
      }
    },
    "@material/notched-outline": {
      "version": "3.1.0-alpha.0",
      "resolved": "https://registry.npmjs.org/@material/notched-outline/-/notched-outline-3.1.0-alpha.0.tgz",
      "integrity": "sha512-lm/iQS9g5jdglWtzwoJvvTxL+OPCEJ25r1MwXvqdGsn21SlziEFfJP5wtiWkB5Cn17kJZEuvcBVuxydmKEi5ww==",
      "requires": {
        "@material/animation": "^3.0.0",
        "@material/base": "^3.0.0",
        "@material/floating-label": "^3.1.0-alpha.0",
        "@material/rtl": "^3.0.0",
        "@material/shape": "^3.0.0",
        "@material/theme": "^3.1.0-alpha.0",
        "tslib": "^1.9.3"
      }
    },
    "@material/radio": {
      "version": "3.1.0-alpha.0",
      "resolved": "https://registry.npmjs.org/@material/radio/-/radio-3.1.0-alpha.0.tgz",
      "integrity": "sha512-S1F1hYZXgGwCYEsRjVUe34mxrqnHsIGv4yBXJIN1VBG10dg0kQgUjkU9n1SqkN6/UcUMAxgFL/1hbcdi/Hqslg==",
      "requires": {
        "@material/animation": "^3.0.0",
        "@material/base": "^3.0.0",
        "@material/dom": "^3.0.0",
        "@material/feature-targeting": "^3.0.0",
        "@material/ripple": "^3.1.0-alpha.0",
        "@material/theme": "^3.1.0-alpha.0",
        "tslib": "^1.9.3"
      }
    },
    "@material/ripple": {
      "version": "3.1.0-alpha.0",
      "resolved": "https://registry.npmjs.org/@material/ripple/-/ripple-3.1.0-alpha.0.tgz",
      "integrity": "sha512-c4yPSNUQoQ4ybZKp6LPYGg5DKxlAr13adx0+65yz+/W86o18mdxktLHokHHNKKqYCAU8UnSzQPiEVR5TE6uhxg==",
      "requires": {
        "@material/animation": "^3.0.0",
        "@material/base": "^3.0.0",
        "@material/dom": "^3.0.0",
        "@material/feature-targeting": "^3.0.0",
        "@material/theme": "^3.1.0-alpha.0",
        "tslib": "^1.9.3"
      }
    },
    "@material/rtl": {
      "version": "3.0.0",
      "resolved": "https://registry.npmjs.org/@material/rtl/-/rtl-3.0.0.tgz",
      "integrity": "sha512-29vCtWTU2UXu/ZiyB9jgW7KaHHq1B8I+E5YxvRm4PtX07Um1su3aFA+QfEweB4VWuREtfERthmlej0rW42o+kQ=="
    },
    "@material/select": {
      "version": "3.1.0-alpha.0",
      "resolved": "https://registry.npmjs.org/@material/select/-/select-3.1.0-alpha.0.tgz",
      "integrity": "sha512-4ae98hoBuOAFIJ9ev/AHsV+URW50Fg7EEYSOXrxWy4Df8161+3tF2nmUchEjRM2unpGH5iNv9QC0vbDqq4wb4Q==",
      "requires": {
        "@material/animation": "^3.0.0",
        "@material/base": "^3.0.0",
        "@material/floating-label": "^3.1.0-alpha.0",
        "@material/line-ripple": "^3.1.0-alpha.0",
        "@material/menu": "^3.1.0-alpha.0",
        "@material/menu-surface": "^3.1.0-alpha.0",
        "@material/notched-outline": "^3.1.0-alpha.0",
        "@material/ripple": "^3.1.0-alpha.0",
        "@material/rtl": "^3.0.0",
        "@material/shape": "^3.0.0",
        "@material/theme": "^3.1.0-alpha.0",
        "@material/typography": "^3.0.0",
        "tslib": "^1.9.3"
      }
    },
    "@material/shape": {
      "version": "3.0.0",
      "resolved": "https://registry.npmjs.org/@material/shape/-/shape-3.0.0.tgz",
      "integrity": "sha512-c0xGH6XegBPN4SgXyF8/Q1A2CV+NOvO8d+Eg/R2uJfOT8VPR2vSf4YevJrp9gvOMHmbz7yIymy/ap9pusiWzPw==",
      "requires": {
        "@material/feature-targeting": "^3.0.0"
      }
    },
    "@material/slider": {
      "version": "3.1.0-alpha.0",
      "resolved": "https://registry.npmjs.org/@material/slider/-/slider-3.1.0-alpha.0.tgz",
      "integrity": "sha512-ObtEhCqwQ2tURGiP4zR3FcN5ga/QvL4/Yyk9TzqRWtes1V4W8EhTUDtctLPVfribITGmKq0WH4zYDTcnr0SsiA==",
      "requires": {
        "@material/animation": "^3.0.0",
        "@material/base": "^3.0.0",
        "@material/dom": "^3.0.0",
        "@material/feature-targeting": "^3.0.0",
        "@material/rtl": "^3.0.0",
        "@material/theme": "^3.1.0-alpha.0",
        "@material/typography": "^3.0.0",
        "tslib": "^1.9.3"
      }
    },
    "@material/snackbar": {
      "version": "3.1.0-alpha.0",
      "resolved": "https://registry.npmjs.org/@material/snackbar/-/snackbar-3.1.0-alpha.0.tgz",
      "integrity": "sha512-QbY+I7GwHHeDZjyEyA+Yc8/+KZ8vUUpJbl5aDwKLtJJqqaIQCAbxoVLT29GCRvsGPNoOUIIAXJXrbrWfygXisg==",
      "requires": {
        "@material/animation": "^3.0.0",
        "@material/base": "^3.0.0",
        "@material/button": "^3.1.0-alpha.0",
        "@material/dom": "^3.0.0",
        "@material/feature-targeting": "^3.0.0",
        "@material/icon-button": "^3.1.0-alpha.0",
        "@material/ripple": "^3.1.0-alpha.0",
        "@material/rtl": "^3.0.0",
        "@material/shape": "^3.0.0",
        "@material/theme": "^3.1.0-alpha.0",
        "@material/typography": "^3.0.0",
        "tslib": "^1.9.3"
      }
    },
    "@material/switch": {
      "version": "3.1.0-alpha.0",
      "resolved": "https://registry.npmjs.org/@material/switch/-/switch-3.1.0-alpha.0.tgz",
      "integrity": "sha512-BEdlko8DG8S9sH17IOFFsGtWAPFyen/Sy84OhENYOKGnt+dYay+Iw0pWyRPYFcfGoTqt+d+oLj/YktZBl57ZOw==",
      "requires": {
        "@material/animation": "^3.0.0",
        "@material/base": "^3.0.0",
        "@material/dom": "^3.0.0",
        "@material/elevation": "^3.1.0-alpha.0",
        "@material/feature-targeting": "^3.0.0",
        "@material/ripple": "^3.1.0-alpha.0",
        "@material/rtl": "^3.0.0",
        "@material/theme": "^3.1.0-alpha.0",
        "tslib": "^1.9.3"
      }
    },
    "@material/tab": {
      "version": "3.1.0-alpha.0",
      "resolved": "https://registry.npmjs.org/@material/tab/-/tab-3.1.0-alpha.0.tgz",
      "integrity": "sha512-poWbHy5mKDxuv6h0KvCw+FzMEUEpYqMF8a7bLs65KuGZQvsO4MHHYwtzkv1+yTof1s2FbjoWsPGF3+LsRKrzNg==",
      "requires": {
        "@material/base": "^3.0.0",
        "@material/feature-targeting": "^3.0.0",
        "@material/ripple": "^3.1.0-alpha.0",
        "@material/rtl": "^3.0.0",
        "@material/tab-indicator": "^3.1.0-alpha.0",
        "@material/theme": "^3.1.0-alpha.0",
        "@material/typography": "^3.0.0",
        "tslib": "^1.9.3"
      }
    },
    "@material/tab-bar": {
      "version": "3.1.0-alpha.0",
      "resolved": "https://registry.npmjs.org/@material/tab-bar/-/tab-bar-3.1.0-alpha.0.tgz",
      "integrity": "sha512-KkSeqSZiyv2N+akXIk0zZorgcrcysb7cuRQFjSq749unZrXqEnQCpnrThWpOX/OrcnQRTlx+0LuD+4jaRnbxhQ==",
      "requires": {
        "@material/base": "^3.0.0",
        "@material/elevation": "^3.1.0-alpha.0",
        "@material/feature-targeting": "^3.0.0",
        "@material/tab": "^3.1.0-alpha.0",
        "@material/tab-scroller": "^3.1.0-alpha.0",
        "tslib": "^1.9.3"
      }
    },
    "@material/tab-indicator": {
      "version": "3.1.0-alpha.0",
      "resolved": "https://registry.npmjs.org/@material/tab-indicator/-/tab-indicator-3.1.0-alpha.0.tgz",
      "integrity": "sha512-NBNd43y2zHgWr7yHmHgI6JHRd/+Kfrtyu6w8oRQcX7i3Td7XYIvnKpXqRRoIHb8kfZtXY3FHFv0OtUovmWb/jQ==",
      "requires": {
        "@material/animation": "^3.0.0",
        "@material/base": "^3.0.0",
        "@material/feature-targeting": "^3.0.0",
        "@material/theme": "^3.1.0-alpha.0",
        "tslib": "^1.9.3"
      }
    },
    "@material/tab-scroller": {
      "version": "3.1.0-alpha.0",
      "resolved": "https://registry.npmjs.org/@material/tab-scroller/-/tab-scroller-3.1.0-alpha.0.tgz",
      "integrity": "sha512-606qamnnqegMqiuZuatYJnSv0ca8BRhLrTnhJqK6Rgi/6VR8r5Wf05H1eVMOm7kn263p6o3Rg3qHAMkcQDpTHw==",
      "requires": {
        "@material/animation": "^3.0.0",
        "@material/base": "^3.0.0",
        "@material/dom": "^3.0.0",
        "@material/feature-targeting": "^3.0.0",
        "@material/tab": "^3.1.0-alpha.0",
        "tslib": "^1.9.3"
      }
    },
    "@material/textfield": {
      "version": "3.1.0-alpha.0",
      "resolved": "https://registry.npmjs.org/@material/textfield/-/textfield-3.1.0-alpha.0.tgz",
      "integrity": "sha512-5nDwQqmqmP+L/ELaYuShDgr5mUKLZs92rLDLnQSt2eQa5nTCFmfCg3aY+IfOgamIirqviqCebmYEVTPINpXtlw==",
      "requires": {
        "@material/animation": "^3.0.0",
        "@material/base": "^3.0.0",
        "@material/dom": "^3.0.0",
        "@material/floating-label": "^3.1.0-alpha.0",
        "@material/line-ripple": "^3.1.0-alpha.0",
        "@material/notched-outline": "^3.1.0-alpha.0",
        "@material/ripple": "^3.1.0-alpha.0",
        "@material/rtl": "^3.0.0",
        "@material/shape": "^3.0.0",
        "@material/theme": "^3.1.0-alpha.0",
        "@material/typography": "^3.0.0",
        "tslib": "^1.9.3"
      }
    },
    "@material/theme": {
      "version": "3.1.0-alpha.0",
      "resolved": "https://registry.npmjs.org/@material/theme/-/theme-3.1.0-alpha.0.tgz",
      "integrity": "sha512-u3uS7h3Dds+zguD/AUXU27rZCXqqLwEfu34bK8ofHWfPVsPlJl8p6B4F1yhzrY8pQ7gPO1IkjzOJgXFN6yLZjA==",
      "requires": {
        "@material/feature-targeting": "^3.0.0"
      }
    },
    "@material/top-app-bar": {
      "version": "3.1.0-alpha.0",
      "resolved": "https://registry.npmjs.org/@material/top-app-bar/-/top-app-bar-3.1.0-alpha.0.tgz",
      "integrity": "sha512-cLZ4rSeiVI9j44Jwy15RBuNaaVaVyhyph7GRJJ2PrtQAfmbwkRQBsALn+g24jYh3qJi936W5tazICBxJNoItqQ==",
      "requires": {
        "@material/animation": "^3.0.0",
        "@material/base": "^3.0.0",
        "@material/elevation": "^3.1.0-alpha.0",
        "@material/icon-button": "^3.1.0-alpha.0",
        "@material/ripple": "^3.1.0-alpha.0",
        "@material/rtl": "^3.0.0",
        "@material/shape": "^3.0.0",
        "@material/theme": "^3.1.0-alpha.0",
        "@material/typography": "^3.0.0",
        "tslib": "^1.9.3"
      }
    },
    "@material/typography": {
      "version": "3.0.0",
      "resolved": "https://registry.npmjs.org/@material/typography/-/typography-3.0.0.tgz",
      "integrity": "sha512-+9DpkPSqaEPOyZnvUiBlngFJ4WfQD3npKVr6A63/V7S8gjk/XNxuwprHCmzPSLVQHlK/Dgpq6Ul8Hypk7YfITw==",
      "requires": {
        "@material/feature-targeting": "^3.0.0"
      }
    },
    "focus-trap": {
      "version": "5.0.1",
      "resolved": "https://registry.npmjs.org/focus-trap/-/focus-trap-5.0.1.tgz",
      "integrity": "sha512-vU7zEdL3y+kfkuwBbT9456JH8QfyemdcdZ2gKMfmgLyAs9NQAkSVQBSZmb9nlb1cVMo+iCsddqeGJog00pd2EQ==",
      "requires": {
        "tabbable": "^4.0.0",
        "xtend": "^4.0.1"
      }
    },
    "material-components-web": {
      "version": "3.1.0-alpha.0",
      "resolved": "https://registry.npmjs.org/material-components-web/-/material-components-web-3.1.0-alpha.0.tgz",
      "integrity": "sha512-t5ETv+TgghR09LsZHzgXyDQy0OvKYEsUg91QXYni8W6AdWcCeaLLMs+QEY0k07YeILuzLfSbh2TC0vqNNWGEKQ==",
      "requires": {
        "@material/animation": "^3.0.0",
        "@material/auto-init": "^3.0.0",
        "@material/base": "^3.0.0",
        "@material/button": "^3.1.0-alpha.0",
        "@material/card": "^3.1.0-alpha.0",
        "@material/checkbox": "^3.1.0-alpha.0",
        "@material/chips": "^3.1.0-alpha.0",
        "@material/data-table": "^3.1.0-alpha.0",
        "@material/dialog": "^3.1.0-alpha.0",
        "@material/dom": "^3.0.0",
        "@material/drawer": "^3.1.0-alpha.0",
        "@material/elevation": "^3.1.0-alpha.0",
        "@material/fab": "^3.1.0-alpha.0",
        "@material/feature-targeting": "^3.0.0",
        "@material/floating-label": "^3.1.0-alpha.0",
        "@material/form-field": "^3.1.0-alpha.0",
        "@material/grid-list": "^3.1.0-alpha.0",
        "@material/icon-button": "^3.1.0-alpha.0",
        "@material/image-list": "^3.1.0-alpha.0",
        "@material/layout-grid": "^3.0.0",
        "@material/line-ripple": "^3.1.0-alpha.0",
        "@material/linear-progress": "^3.1.0-alpha.0",
        "@material/list": "^3.1.0-alpha.0",
        "@material/menu": "^3.1.0-alpha.0",
        "@material/menu-surface": "^3.1.0-alpha.0",
        "@material/notched-outline": "^3.1.0-alpha.0",
        "@material/radio": "^3.1.0-alpha.0",
        "@material/ripple": "^3.1.0-alpha.0",
        "@material/rtl": "^3.0.0",
        "@material/select": "^3.1.0-alpha.0",
        "@material/shape": "^3.0.0",
        "@material/slider": "^3.1.0-alpha.0",
        "@material/snackbar": "^3.1.0-alpha.0",
        "@material/switch": "^3.1.0-alpha.0",
        "@material/tab": "^3.1.0-alpha.0",
        "@material/tab-bar": "^3.1.0-alpha.0",
        "@material/tab-indicator": "^3.1.0-alpha.0",
        "@material/tab-scroller": "^3.1.0-alpha.0",
        "@material/textfield": "^3.1.0-alpha.0",
        "@material/theme": "^3.1.0-alpha.0",
        "@material/top-app-bar": "^3.1.0-alpha.0",
        "@material/typography": "^3.0.0"
      }
    },
    "tabbable": {
      "version": "4.0.0",
      "resolved": "https://registry.npmjs.org/tabbable/-/tabbable-4.0.0.tgz",
      "integrity": "sha512-H1XoH1URcBOa/rZZWxLxHCtOdVUEev+9vo5YdYhC9tCY4wnybX+VQrCYuy9ubkg69fCBxCONJOSLGfw0DWMffQ=="
    },
    "tslib": {
      "version": "1.10.0",
      "resolved": "https://registry.npmjs.org/tslib/-/tslib-1.10.0.tgz",
      "integrity": "sha512-qOebF53frne81cf0S9B41ByenJ3/IuH8yJKngAX35CmiZySA0khhkovshKK+jGCaMnVomla7gVlIcc3EvKPbTQ=="
    },
    "xtend": {
      "version": "4.0.2",
      "resolved": "https://registry.npmjs.org/xtend/-/xtend-4.0.2.tgz",
      "integrity": "sha512-LKYU1iAXJXUgAXn9URjiu+MWhyUXHsvfp7mcuYm9dSUKK0/CjtrUwFAxD82/mCWbtLsGjFIad0wIsod4zrTAEQ=="
    }
  }
}
