{
  "name": "edricchan03.github.io",
  "version": "0.0.0",
  "lockfileVersion": 1,
  "requires": true,
  "dependencies": {
    "@material/animation": {
      "version": "11.0.0",
      "resolved": "https://registry.npmjs.org/@material/animation/-/animation-11.0.0.tgz",
      "integrity": "sha512-pAJRl0ySvfOzqyGUme27tPf1LbqrjSTK4g5kngpXOPAIQdYYx89QLAfcqHONSpvXO7/WP+Kc9zJ3WWxbUaG8Wg==",
      "requires": {
        "tslib": "^2.1.0"
      }
    },
    "@material/auto-init": {
      "version": "11.0.0",
      "resolved": "https://registry.npmjs.org/@material/auto-init/-/auto-init-11.0.0.tgz",
      "integrity": "sha512-SaJqOHQgK4Eehq95eUUZCu+UvP7h76MWOlQVbDEEkdVhugEOVxa59BzybczbPnTLrSkka7b69X/BQ+ODKq6+PA==",
      "requires": {
        "@material/base": "^11.0.0",
        "tslib": "^2.1.0"
      }
    },
    "@material/banner": {
      "version": "11.0.0",
      "resolved": "https://registry.npmjs.org/@material/banner/-/banner-11.0.0.tgz",
      "integrity": "sha512-KEhPRqhshA3rAj5e78zddpsbG9ysWo9SHkdRKGcWqqRsoUsDwVmSp3qo+LqdpE2FGATf5ps0ROtEOrudfq6Ukg==",
      "requires": {
        "@material/base": "^11.0.0",
        "@material/button": "^11.0.0",
        "@material/dom": "^11.0.0",
        "@material/feature-targeting": "^11.0.0",
        "@material/ripple": "^11.0.0",
        "@material/rtl": "^11.0.0",
        "@material/shape": "^11.0.0",
        "@material/theme": "^11.0.0",
        "@material/typography": "^11.0.0",
        "tslib": "^2.1.0"
      }
    },
    "@material/base": {
      "version": "11.0.0",
      "resolved": "https://registry.npmjs.org/@material/base/-/base-11.0.0.tgz",
      "integrity": "sha512-GTybYdiWBoEyYQ3he8cEeuXe5mPq2peFX41rBsMrs516TGDxrVJrEAKNedydhtpfRBsZRreTXMLZtbGrZzfIFQ==",
      "requires": {
        "tslib": "^2.1.0"
      }
    },
    "@material/button": {
      "version": "11.0.0",
      "resolved": "https://registry.npmjs.org/@material/button/-/button-11.0.0.tgz",
      "integrity": "sha512-KqqxEcsj8jBkV1yNEiPoHiB1AJBa/1OGm7H+hF+C3RUTIrRLew8IuRL1ZY38ukdHvhno1/qmVMKOs6ui0mxjlg==",
      "requires": {
        "@material/density": "^11.0.0",
        "@material/dom": "^11.0.0",
        "@material/elevation": "^11.0.0",
        "@material/feature-targeting": "^11.0.0",
        "@material/ripple": "^11.0.0",
        "@material/rtl": "^11.0.0",
        "@material/shape": "^11.0.0",
        "@material/theme": "^11.0.0",
        "@material/touch-target": "^11.0.0",
        "@material/typography": "^11.0.0",
        "tslib": "^2.1.0"
      }
    },
    "@material/card": {
      "version": "11.0.0",
      "resolved": "https://registry.npmjs.org/@material/card/-/card-11.0.0.tgz",
      "integrity": "sha512-dIDaOR1QPglmONalBvaHn3CXNRK7v8No8i4XNktN783uuPmFnAM3Sd/hVHnxLm1pCtoiXYbFCq2yNu1ve+TVRw==",
      "requires": {
        "@material/dom": "^11.0.0",
        "@material/elevation": "^11.0.0",
        "@material/feature-targeting": "^11.0.0",
        "@material/ripple": "^11.0.0",
        "@material/rtl": "^11.0.0",
        "@material/shape": "^11.0.0",
        "@material/theme": "^11.0.0",
        "tslib": "^2.1.0"
      }
    },
    "@material/checkbox": {
      "version": "11.0.0",
      "resolved": "https://registry.npmjs.org/@material/checkbox/-/checkbox-11.0.0.tgz",
      "integrity": "sha512-vHBG9hK+I6SAn2H1/5u5PUscsHMGc2525QLWeWoZ5VRj6TKtxJ8WKZaPZKea7iwJwKYoe4sI9hOFjE1QQAL/tg==",
      "requires": {
        "@material/animation": "^11.0.0",
        "@material/base": "^11.0.0",
        "@material/density": "^11.0.0",
        "@material/dom": "^11.0.0",
        "@material/feature-targeting": "^11.0.0",
        "@material/ripple": "^11.0.0",
        "@material/theme": "^11.0.0",
        "@material/touch-target": "^11.0.0",
        "tslib": "^2.1.0"
      }
    },
    "@material/chips": {
      "version": "11.0.0",
      "resolved": "https://registry.npmjs.org/@material/chips/-/chips-11.0.0.tgz",
      "integrity": "sha512-9gzm0G0e0VQ0SJnfrRws5SOiK+Qi7Crg/FSTsw0Lk5frsHsZt1mKB72d2rOpeXDYb8gox2GUhuO0U/IIc4EIrw==",
      "requires": {
        "@material/animation": "^11.0.0",
        "@material/base": "^11.0.0",
        "@material/checkbox": "^11.0.0",
        "@material/density": "^11.0.0",
        "@material/dom": "^11.0.0",
        "@material/elevation": "^11.0.0",
        "@material/feature-targeting": "^11.0.0",
        "@material/ripple": "^11.0.0",
        "@material/rtl": "^11.0.0",
        "@material/shape": "^11.0.0",
        "@material/theme": "^11.0.0",
        "@material/touch-target": "^11.0.0",
        "@material/typography": "^11.0.0",
        "tslib": "^2.1.0"
      }
    },
    "@material/circular-progress": {
      "version": "11.0.0",
      "resolved": "https://registry.npmjs.org/@material/circular-progress/-/circular-progress-11.0.0.tgz",
      "integrity": "sha512-fiiHjFtzKBTOInuN0Fd6JPMc8D8vSXnRNd+FJIE6hZquGQW4DvPGPZ6pyDsG4ZUWITFWNStqJrOEYovFN4WYrw==",
      "requires": {
        "@material/animation": "^11.0.0",
        "@material/base": "^11.0.0",
        "@material/feature-targeting": "^11.0.0",
        "@material/progress-indicator": "^11.0.0",
        "@material/theme": "^11.0.0",
        "tslib": "^2.1.0"
      }
    },
    "@material/data-table": {
      "version": "11.0.0",
      "resolved": "https://registry.npmjs.org/@material/data-table/-/data-table-11.0.0.tgz",
      "integrity": "sha512-xPpfBrnV8+Hqa/H68+wKTeg0yAFRqf9MNX3sdtp3SHLlzY66It78cUwjKMAyl+J365ayLQMRoca+Ahf1bUvAfg==",
      "requires": {
        "@material/animation": "^11.0.0",
        "@material/base": "^11.0.0",
        "@material/checkbox": "^11.0.0",
        "@material/density": "^11.0.0",
        "@material/dom": "^11.0.0",
        "@material/elevation": "^11.0.0",
        "@material/feature-targeting": "^11.0.0",
        "@material/icon-button": "^11.0.0",
        "@material/linear-progress": "^11.0.0",
        "@material/list": "^11.0.0",
        "@material/menu": "^11.0.0",
        "@material/rtl": "^11.0.0",
        "@material/select": "^11.0.0",
        "@material/shape": "^11.0.0",
        "@material/theme": "^11.0.0",
        "@material/touch-target": "^11.0.0",
        "@material/typography": "^11.0.0",
        "tslib": "^2.1.0"
      }
    },
    "@material/density": {
      "version": "11.0.0",
      "resolved": "https://registry.npmjs.org/@material/density/-/density-11.0.0.tgz",
      "integrity": "sha512-FuSx0UukH7p9cIAxEg78zwL5iYuoa/YovyHuuEEudyhWsRH+u0KBSQlYWr+ykg//qZF6urlDrVmu7WAKi1SiCw==",
      "requires": {
        "tslib": "^2.1.0"
      }
    },
    "@material/dialog": {
      "version": "11.0.0",
      "resolved": "https://registry.npmjs.org/@material/dialog/-/dialog-11.0.0.tgz",
      "integrity": "sha512-d49zJJmUGTcdWVdBNbXSdDk55mbIIvYpg3ENY9fg6ZlesGsDTgdykGgUkXEaqQeT+Qe/8+4vdaPpz8WNd2Qzyw==",
      "requires": {
        "@material/animation": "^11.0.0",
        "@material/base": "^11.0.0",
        "@material/button": "^11.0.0",
        "@material/dom": "^11.0.0",
        "@material/elevation": "^11.0.0",
        "@material/feature-targeting": "^11.0.0",
        "@material/icon-button": "^11.0.0",
        "@material/ripple": "^11.0.0",
        "@material/rtl": "^11.0.0",
        "@material/shape": "^11.0.0",
        "@material/theme": "^11.0.0",
        "@material/touch-target": "^11.0.0",
        "@material/typography": "^11.0.0",
        "tslib": "^2.1.0"
      }
    },
    "@material/dom": {
      "version": "11.0.0",
      "resolved": "https://registry.npmjs.org/@material/dom/-/dom-11.0.0.tgz",
      "integrity": "sha512-LZdg6VmYnMXc/Ct/GdQ22o4m3UgjhZYQIrwu9Iebqchx0Vd2OTmcFN5nArHSCSgUEhpjpPlkbZmjOpeOAwiKZg==",
      "requires": {
        "@material/feature-targeting": "^11.0.0",
        "tslib": "^2.1.0"
      }
    },
    "@material/drawer": {
      "version": "11.0.0",
      "resolved": "https://registry.npmjs.org/@material/drawer/-/drawer-11.0.0.tgz",
      "integrity": "sha512-pXRGlY+/3kiXGNZx2fOdLbOO2Fb3IXVsSm3FZalMO+EfVFXVJVFrWqkkJnuelJ46R4wCvldXEeaj9E925qMg7A==",
      "requires": {
        "@material/animation": "^11.0.0",
        "@material/base": "^11.0.0",
        "@material/dom": "^11.0.0",
        "@material/elevation": "^11.0.0",
        "@material/feature-targeting": "^11.0.0",
        "@material/list": "^11.0.0",
        "@material/ripple": "^11.0.0",
        "@material/rtl": "^11.0.0",
        "@material/shape": "^11.0.0",
        "@material/theme": "^11.0.0",
        "@material/typography": "^11.0.0",
        "tslib": "^2.1.0"
      }
    },
    "@material/elevation": {
      "version": "11.0.0",
      "resolved": "https://registry.npmjs.org/@material/elevation/-/elevation-11.0.0.tgz",
      "integrity": "sha512-mgrUSBAdXJ1+VS/SWnu/gr9/nq7P1q5X3aDmoom2EPKauEeKhuAHjABI5duxHOrliZM3mK9VLO56D/tszb7spw==",
      "requires": {
        "@material/animation": "^11.0.0",
        "@material/base": "^11.0.0",
        "@material/feature-targeting": "^11.0.0",
        "@material/theme": "^11.0.0",
        "tslib": "^2.1.0"
      }
    },
    "@material/fab": {
      "version": "11.0.0",
      "resolved": "https://registry.npmjs.org/@material/fab/-/fab-11.0.0.tgz",
      "integrity": "sha512-GLSATlioJtV1h3kvlIwNzvvWqFHD12eoO1mRXJsw6gVL5BOsPur80FYaHb5P7C5X+m4HhlF2Ebc5XgCWiXJajg==",
      "requires": {
        "@material/animation": "^11.0.0",
        "@material/dom": "^11.0.0",
        "@material/elevation": "^11.0.0",
        "@material/feature-targeting": "^11.0.0",
        "@material/ripple": "^11.0.0",
        "@material/rtl": "^11.0.0",
        "@material/shape": "^11.0.0",
        "@material/theme": "^11.0.0",
        "@material/touch-target": "^11.0.0",
        "@material/typography": "^11.0.0",
        "tslib": "^2.1.0"
      }
    },
    "@material/feature-targeting": {
      "version": "11.0.0",
      "resolved": "https://registry.npmjs.org/@material/feature-targeting/-/feature-targeting-11.0.0.tgz",
      "integrity": "sha512-7/jdaHm7C16Eq02tDQ1iI+giWKgk+QRNWFrmGKzHfXbU604XwY/eSLSiVS8QI01vx9QZ0aO9K84m0yhQQNQQtg==",
      "requires": {
        "tslib": "^2.1.0"
      }
    },
    "@material/floating-label": {
      "version": "11.0.0",
      "resolved": "https://registry.npmjs.org/@material/floating-label/-/floating-label-11.0.0.tgz",
      "integrity": "sha512-sY/ijV06cU0y9+1OB122d6z2AuxLzjQgQGVq9dFLoVRL6jhV2HgOxGF/3cvZsgGGsv2liXagkmQ02jBV1ypvgA==",
      "requires": {
        "@material/animation": "^11.0.0",
        "@material/base": "^11.0.0",
        "@material/dom": "^11.0.0",
        "@material/feature-targeting": "^11.0.0",
        "@material/rtl": "^11.0.0",
        "@material/theme": "^11.0.0",
        "@material/typography": "^11.0.0",
        "tslib": "^2.1.0"
      }
    },
    "@material/form-field": {
      "version": "11.0.0",
      "resolved": "https://registry.npmjs.org/@material/form-field/-/form-field-11.0.0.tgz",
      "integrity": "sha512-w42PHsq8A+7cgrgBGT5j0h3FTgjs7qvLJFYlwp5QYayC2qTZQa3VsF3OTxuXcn3FVlFnBCwILp0+FfWfRmaH4w==",
      "requires": {
        "@material/base": "^11.0.0",
        "@material/feature-targeting": "^11.0.0",
        "@material/ripple": "^11.0.0",
        "@material/rtl": "^11.0.0",
        "@material/theme": "^11.0.0",
        "@material/typography": "^11.0.0",
        "tslib": "^2.1.0"
      }
    },
    "@material/icon-button": {
      "version": "11.0.0",
      "resolved": "https://registry.npmjs.org/@material/icon-button/-/icon-button-11.0.0.tgz",
      "integrity": "sha512-rlX/RWOD9ZJznva2MDNRnau9/PnqepxKcHTG4YirkgQwe0m6dqdabzXfeTrorRsJNMSicaYlRV1SwGPShZk3CQ==",
      "requires": {
        "@material/base": "^11.0.0",
        "@material/density": "^11.0.0",
        "@material/feature-targeting": "^11.0.0",
        "@material/ripple": "^11.0.0",
        "@material/rtl": "^11.0.0",
        "@material/theme": "^11.0.0",
        "tslib": "^2.1.0"
      }
    },
    "@material/image-list": {
      "version": "11.0.0",
      "resolved": "https://registry.npmjs.org/@material/image-list/-/image-list-11.0.0.tgz",
      "integrity": "sha512-Klo+tU6zLFGwG6eiAb5UhcD9Bz846n+jNq3S0rPi5Opzzy0sVqHWb6fl1pNXXttmOtWtAw+h7MuzLfuDqRQ4kw==",
      "requires": {
        "@material/feature-targeting": "^11.0.0",
        "@material/shape": "^11.0.0",
        "@material/theme": "^11.0.0",
        "@material/typography": "^11.0.0",
        "tslib": "^2.1.0"
      }
    },
    "@material/layout-grid": {
      "version": "11.0.0",
      "resolved": "https://registry.npmjs.org/@material/layout-grid/-/layout-grid-11.0.0.tgz",
      "integrity": "sha512-MgG7vePDvzbtV/pHbBZ4DbPjs1qPxgnP36PjsBloWTrDh3yJ3L9NKNgs4EdlxEHD6LUUoCIlxVyV4oojSGUIHg==",
      "requires": {
        "tslib": "^2.1.0"
      }
    },
    "@material/line-ripple": {
      "version": "11.0.0",
      "resolved": "https://registry.npmjs.org/@material/line-ripple/-/line-ripple-11.0.0.tgz",
      "integrity": "sha512-ws0p28hfG5P7RuCJZhHBDhPd/pYusszwRWMa1xkATxCjdCDc9hC9RIsUb6eIG9/iwpYnLNRvIoR5iF+01rVhow==",
      "requires": {
        "@material/animation": "^11.0.0",
        "@material/base": "^11.0.0",
        "@material/feature-targeting": "^11.0.0",
        "@material/theme": "^11.0.0",
        "tslib": "^2.1.0"
      }
    },
    "@material/linear-progress": {
      "version": "11.0.0",
      "resolved": "https://registry.npmjs.org/@material/linear-progress/-/linear-progress-11.0.0.tgz",
      "integrity": "sha512-lYXZ58FGF16nhkoLEIs8W52zj8/Ti5d+0mL7L8FGG9m66wtizD9FWO/r2dngKYl4t1tpqGMRfqTgOkdGWaRfwQ==",
      "requires": {
        "@material/animation": "^11.0.0",
        "@material/base": "^11.0.0",
        "@material/feature-targeting": "^11.0.0",
        "@material/progress-indicator": "^11.0.0",
        "@material/rtl": "^11.0.0",
        "@material/theme": "^11.0.0",
        "tslib": "^2.1.0"
      }
    },
    "@material/list": {
      "version": "11.0.0",
      "resolved": "https://registry.npmjs.org/@material/list/-/list-11.0.0.tgz",
      "integrity": "sha512-WLOXa9acB4FxPn6rQzo+pNAljhKNwv8MvP/w+bQ6TARtXaO8/SbvPJZOoxgTLkekGHEoBW+aCH+kVlgTWDYf2w==",
      "requires": {
        "@material/base": "^11.0.0",
        "@material/density": "^11.0.0",
        "@material/dom": "^11.0.0",
        "@material/feature-targeting": "^11.0.0",
        "@material/ripple": "^11.0.0",
        "@material/rtl": "^11.0.0",
        "@material/shape": "^11.0.0",
        "@material/theme": "^11.0.0",
        "@material/typography": "^11.0.0",
        "tslib": "^2.1.0"
      }
    },
    "@material/menu": {
      "version": "11.0.0",
      "resolved": "https://registry.npmjs.org/@material/menu/-/menu-11.0.0.tgz",
      "integrity": "sha512-PnGNVLgvkvBaXBNi+QkSos6Y64DIpf7IW9Ep2tUxL42uQ6aaip2emND3kXNeDzXxhIGI2mm+PnbYXdDpQCdsfw==",
      "requires": {
        "@material/base": "^11.0.0",
        "@material/dom": "^11.0.0",
        "@material/elevation": "^11.0.0",
        "@material/feature-targeting": "^11.0.0",
        "@material/list": "^11.0.0",
        "@material/menu-surface": "^11.0.0",
        "@material/ripple": "^11.0.0",
        "@material/rtl": "^11.0.0",
        "@material/theme": "^11.0.0",
        "tslib": "^2.1.0"
      }
    },
    "@material/menu-surface": {
      "version": "11.0.0",
      "resolved": "https://registry.npmjs.org/@material/menu-surface/-/menu-surface-11.0.0.tgz",
      "integrity": "sha512-/dFaaxUR3PSlv+0aqMGx+8Dp8+D3ToEmtAhHWbCHXHf1wl5rvOIp1A8ByOtZ0mvOwUXB8B8yN+TVFlj6Ey0B3A==",
      "requires": {
        "@material/animation": "^11.0.0",
        "@material/base": "^11.0.0",
        "@material/elevation": "^11.0.0",
        "@material/feature-targeting": "^11.0.0",
        "@material/rtl": "^11.0.0",
        "@material/shape": "^11.0.0",
        "@material/theme": "^11.0.0",
        "tslib": "^2.1.0"
      }
    },
    "@material/notched-outline": {
      "version": "11.0.0",
      "resolved": "https://registry.npmjs.org/@material/notched-outline/-/notched-outline-11.0.0.tgz",
      "integrity": "sha512-GwYFIRA6raFljNARmEpIcIjHztjKD8wcDf+6xl1WezsprGd/Qdzq59/VX76y1et8ZkkL0+fE+4dEaVpCHq/e8A==",
      "requires": {
        "@material/base": "^11.0.0",
        "@material/feature-targeting": "^11.0.0",
        "@material/floating-label": "^11.0.0",
        "@material/rtl": "^11.0.0",
        "@material/shape": "^11.0.0",
        "@material/theme": "^11.0.0",
        "tslib": "^2.1.0"
      }
    },
    "@material/progress-indicator": {
      "version": "11.0.0",
      "resolved": "https://registry.npmjs.org/@material/progress-indicator/-/progress-indicator-11.0.0.tgz",
      "integrity": "sha512-XvLfilg2Ew6gfb0BCWEVuTn6VqBQ7LhZngEakiwoEe2ImoOSFHSBQ8sg177cSvsbUf4c2MnYN0UepfivKGaagg==",
      "requires": {
        "tslib": "^2.1.0"
      }
    },
    "@material/radio": {
      "version": "11.0.0",
      "resolved": "https://registry.npmjs.org/@material/radio/-/radio-11.0.0.tgz",
      "integrity": "sha512-smbW+ccgoGr6CW0Jjk+DZgIwZjVmeNONAJX9lTxSvmxZVgJ/3BVizY8Mwl4r1j4Y9jZj2ZPoAg8D1G6wVxO6ig==",
      "requires": {
        "@material/animation": "^11.0.0",
        "@material/base": "^11.0.0",
        "@material/density": "^11.0.0",
        "@material/dom": "^11.0.0",
        "@material/feature-targeting": "^11.0.0",
        "@material/ripple": "^11.0.0",
        "@material/theme": "^11.0.0",
        "@material/touch-target": "^11.0.0",
        "tslib": "^2.1.0"
      }
    },
    "@material/ripple": {
      "version": "11.0.0",
      "resolved": "https://registry.npmjs.org/@material/ripple/-/ripple-11.0.0.tgz",
      "integrity": "sha512-672zAsYaL8aS861VgfEPL4sFMkFe0psiSc+4DfUTq7Nanl4e1gcarzzHZAn5IExUNk3/5QybDiXV+dbaL/0NjQ==",
      "requires": {
        "@material/animation": "^11.0.0",
        "@material/base": "^11.0.0",
        "@material/dom": "^11.0.0",
        "@material/feature-targeting": "^11.0.0",
        "@material/theme": "^11.0.0",
        "tslib": "^2.1.0"
      }
    },
    "@material/rtl": {
      "version": "11.0.0",
      "resolved": "https://registry.npmjs.org/@material/rtl/-/rtl-11.0.0.tgz",
      "integrity": "sha512-FcS8+N9MhnC0Wdd34O2yCC/5ylIwkfHjV5pbmHyEtb4YXoWngnPIxgpOr5PsUv95WSQBmeqWCRJDwS+sGZHoKQ==",
      "requires": {
        "@material/theme": "^11.0.0",
        "tslib": "^2.1.0"
      }
    },
    "@material/segmented-button": {
      "version": "11.0.0",
      "resolved": "https://registry.npmjs.org/@material/segmented-button/-/segmented-button-11.0.0.tgz",
      "integrity": "sha512-JUQQLEg8wujbl3vZ4rezPVdgmGKDy+pYHpL/hti2rw3SyGG9RzliZKh9vHGVWrQISObiSphoURSutGU+6HG/jA==",
      "requires": {
        "@material/base": "^11.0.0",
        "@material/elevation": "^11.0.0",
        "@material/feature-targeting": "^11.0.0",
        "@material/ripple": "^11.0.0",
        "@material/theme": "^11.0.0",
        "@material/touch-target": "^11.0.0",
        "@material/typography": "^11.0.0",
        "tslib": "^2.1.0"
      }
    },
    "@material/select": {
      "version": "11.0.0",
      "resolved": "https://registry.npmjs.org/@material/select/-/select-11.0.0.tgz",
      "integrity": "sha512-xAEFYfvm0uOHsM4jZ7LkpxXSwKehIXHabIEe30K3uESZWIoX6G9TT6LPMEgvDC832uQGw6PtTfH/9zgVEYXh6w==",
      "requires": {
        "@material/animation": "^11.0.0",
        "@material/base": "^11.0.0",
        "@material/density": "^11.0.0",
        "@material/dom": "^11.0.0",
        "@material/feature-targeting": "^11.0.0",
        "@material/floating-label": "^11.0.0",
        "@material/line-ripple": "^11.0.0",
        "@material/list": "^11.0.0",
        "@material/menu": "^11.0.0",
        "@material/menu-surface": "^11.0.0",
        "@material/notched-outline": "^11.0.0",
        "@material/ripple": "^11.0.0",
        "@material/rtl": "^11.0.0",
        "@material/shape": "^11.0.0",
        "@material/theme": "^11.0.0",
        "@material/typography": "^11.0.0",
        "tslib": "^2.1.0"
      }
    },
    "@material/shape": {
      "version": "11.0.0",
      "resolved": "https://registry.npmjs.org/@material/shape/-/shape-11.0.0.tgz",
      "integrity": "sha512-O9/Dt/9Nbum1IvxRd4u8gCF4ghk9E55UNp2TGe+RN43zpTUbChh2raOFr3sQeRwLIzlb4wstUG9AxmdktrkDUQ==",
      "requires": {
        "@material/feature-targeting": "^11.0.0",
        "@material/rtl": "^11.0.0",
        "@material/theme": "^11.0.0",
        "tslib": "^2.1.0"
      }
    },
    "@material/slider": {
      "version": "11.0.0",
      "resolved": "https://registry.npmjs.org/@material/slider/-/slider-11.0.0.tgz",
      "integrity": "sha512-EJqYV4hP6nUHEO/KyhlRZo7ZN+O5kVNdN6TRU8yTQiAVk9nwvviPhVDdHGj3FvnF1y86fnGvt1zS/MFCP923cg==",
      "requires": {
        "@material/animation": "^11.0.0",
        "@material/base": "^11.0.0",
        "@material/dom": "^11.0.0",
        "@material/elevation": "^11.0.0",
        "@material/feature-targeting": "^11.0.0",
        "@material/ripple": "^11.0.0",
        "@material/rtl": "^11.0.0",
        "@material/theme": "^11.0.0",
        "@material/typography": "^11.0.0",
        "tslib": "^2.1.0"
      }
    },
    "@material/snackbar": {
      "version": "11.0.0",
      "resolved": "https://registry.npmjs.org/@material/snackbar/-/snackbar-11.0.0.tgz",
      "integrity": "sha512-VRvtPyazknpMgoCG2FanSsThm0YOiuiJGPgpSYDRYQrQDyOb1Z8pft3ae9I85U7qYE1YXB4peDKjarBmlA9+ow==",
      "requires": {
        "@material/animation": "^11.0.0",
        "@material/base": "^11.0.0",
        "@material/button": "^11.0.0",
        "@material/dom": "^11.0.0",
        "@material/elevation": "^11.0.0",
        "@material/feature-targeting": "^11.0.0",
        "@material/icon-button": "^11.0.0",
        "@material/ripple": "^11.0.0",
        "@material/rtl": "^11.0.0",
        "@material/shape": "^11.0.0",
        "@material/theme": "^11.0.0",
        "@material/typography": "^11.0.0",
        "tslib": "^2.1.0"
      }
    },
    "@material/switch": {
      "version": "11.0.0",
      "resolved": "https://registry.npmjs.org/@material/switch/-/switch-11.0.0.tgz",
      "integrity": "sha512-xrEMHtVhDJBXSAKnYubWSFJ0Yo+W6Yi1C9xcS5jqSU2G1FoxKiOWIcM8actlcHqspMC7AWh7fDz8LJVpugGctw==",
      "requires": {
        "@material/animation": "^11.0.0",
        "@material/base": "^11.0.0",
        "@material/density": "^11.0.0",
        "@material/dom": "^11.0.0",
        "@material/elevation": "^11.0.0",
        "@material/feature-targeting": "^11.0.0",
        "@material/ripple": "^11.0.0",
        "@material/rtl": "^11.0.0",
        "@material/theme": "^11.0.0",
        "tslib": "^2.1.0"
      }
    },
    "@material/tab": {
      "version": "11.0.0",
      "resolved": "https://registry.npmjs.org/@material/tab/-/tab-11.0.0.tgz",
      "integrity": "sha512-M2tbopIv44S/Lz1dEt1dqkS8hfh0qiOXZpT6PRuDXwxYqdc+uIYpR7VbRreRU91MgWhf49HeixRuTeOQ8jI90A==",
      "requires": {
        "@material/base": "^11.0.0",
        "@material/feature-targeting": "^11.0.0",
        "@material/ripple": "^11.0.0",
        "@material/rtl": "^11.0.0",
        "@material/tab-indicator": "^11.0.0",
        "@material/theme": "^11.0.0",
        "@material/typography": "^11.0.0",
        "tslib": "^2.1.0"
      }
    },
    "@material/tab-bar": {
      "version": "11.0.0",
      "resolved": "https://registry.npmjs.org/@material/tab-bar/-/tab-bar-11.0.0.tgz",
      "integrity": "sha512-/U6YLN3QLi/KorMX4dZldOmUIZTgDt6+OcM0aDv/qQUfIxKwZFhkPkOWZeUfwhL91KkzFL12yibiH5dFrany1w==",
      "requires": {
        "@material/animation": "^11.0.0",
        "@material/base": "^11.0.0",
        "@material/density": "^11.0.0",
        "@material/feature-targeting": "^11.0.0",
        "@material/tab": "^11.0.0",
        "@material/tab-scroller": "^11.0.0",
        "tslib": "^2.1.0"
      }
    },
    "@material/tab-indicator": {
      "version": "11.0.0",
      "resolved": "https://registry.npmjs.org/@material/tab-indicator/-/tab-indicator-11.0.0.tgz",
      "integrity": "sha512-xNieCoP8PhTh9yn9ZfLNz7dvIzhk6F1g4yIkBP2SJHt/QJOHJ/cGZPiT87ZrEqAdCQLfdjovVtR0vxaDVqb86w==",
      "requires": {
        "@material/animation": "^11.0.0",
        "@material/base": "^11.0.0",
        "@material/feature-targeting": "^11.0.0",
        "@material/theme": "^11.0.0",
        "tslib": "^2.1.0"
      }
    },
    "@material/tab-scroller": {
      "version": "11.0.0",
      "resolved": "https://registry.npmjs.org/@material/tab-scroller/-/tab-scroller-11.0.0.tgz",
      "integrity": "sha512-LzN/ADLjd2HoCQF3z0HEQOBlVKzkB9bpD5AdDDG8l358ujA+QiLdIb7XW5ohw80dOikApukNumKZWQJziHm+3Q==",
      "requires": {
        "@material/animation": "^11.0.0",
        "@material/base": "^11.0.0",
        "@material/dom": "^11.0.0",
        "@material/feature-targeting": "^11.0.0",
        "@material/tab": "^11.0.0",
        "tslib": "^2.1.0"
      }
    },
    "@material/textfield": {
      "version": "11.0.0",
      "resolved": "https://registry.npmjs.org/@material/textfield/-/textfield-11.0.0.tgz",
      "integrity": "sha512-7GwZCJplxQpdExNO8K3IOPH/SniCd4bcvOuKGYWjW1irOLYVX2Om0e7X2q70XWvD/B85Rb8ZaPXqx3EJiwNrvQ==",
      "requires": {
        "@material/animation": "^11.0.0",
        "@material/base": "^11.0.0",
        "@material/density": "^11.0.0",
        "@material/dom": "^11.0.0",
        "@material/feature-targeting": "^11.0.0",
        "@material/floating-label": "^11.0.0",
        "@material/line-ripple": "^11.0.0",
        "@material/notched-outline": "^11.0.0",
        "@material/ripple": "^11.0.0",
        "@material/rtl": "^11.0.0",
        "@material/shape": "^11.0.0",
        "@material/theme": "^11.0.0",
        "@material/typography": "^11.0.0",
        "tslib": "^2.1.0"
      }
    },
    "@material/theme": {
      "version": "11.0.0",
      "resolved": "https://registry.npmjs.org/@material/theme/-/theme-11.0.0.tgz",
      "integrity": "sha512-GnQI8sd2wHFD3AvmhpyRaH5o9D5Shobs1xDH4FdRU9+c+FNNqouZMDzyM6UpCX4700DzqvE7l0/1LjzB7ve7Lg==",
      "requires": {
        "@material/feature-targeting": "^11.0.0",
        "tslib": "^2.1.0"
      }
    },
    "@material/tooltip": {
      "version": "11.0.0",
      "resolved": "https://registry.npmjs.org/@material/tooltip/-/tooltip-11.0.0.tgz",
      "integrity": "sha512-i9PvUDB2fQ6Q+1uOU8gFfe9WmVpD3M0ilN9LgGSbY/tCIwH6kxCS2jwa3/z1yJNWXBikLkpNLlOs1JmYYqteVA==",
      "requires": {
        "@material/animation": "^11.0.0",
        "@material/base": "^11.0.0",
        "@material/dom": "^11.0.0",
        "@material/elevation": "^11.0.0",
        "@material/feature-targeting": "^11.0.0",
        "@material/rtl": "^11.0.0",
        "@material/shape": "^11.0.0",
        "@material/theme": "^11.0.0",
        "@material/typography": "^11.0.0",
        "tslib": "^2.1.0"
      }
    },
    "@material/top-app-bar": {
      "version": "11.0.0",
      "resolved": "https://registry.npmjs.org/@material/top-app-bar/-/top-app-bar-11.0.0.tgz",
      "integrity": "sha512-ZP8HTNibABYPYJGTx1IBQFeh2JwtLNamdG/T4D3POC3tDWWXwWYgOTCHdkYF82rBmKEXPacA12l3qjKCEvHyJg==",
      "requires": {
        "@material/animation": "^11.0.0",
        "@material/base": "^11.0.0",
        "@material/elevation": "^11.0.0",
        "@material/ripple": "^11.0.0",
        "@material/rtl": "^11.0.0",
        "@material/shape": "^11.0.0",
        "@material/theme": "^11.0.0",
        "@material/typography": "^11.0.0",
        "tslib": "^2.1.0"
      }
    },
    "@material/touch-target": {
      "version": "11.0.0",
      "resolved": "https://registry.npmjs.org/@material/touch-target/-/touch-target-11.0.0.tgz",
      "integrity": "sha512-S1XPYj3Bnkw26nFdYRZ0BHcNLfizF8HBeX9+OR7KuJUKaFB6CN01CtyEmDU3XNI0n140KjMtJnsZykWZommolQ==",
      "requires": {
        "@material/base": "^11.0.0",
        "@material/feature-targeting": "^11.0.0",
        "tslib": "^2.1.0"
      }
    },
    "@material/typography": {
      "version": "11.0.0",
      "resolved": "https://registry.npmjs.org/@material/typography/-/typography-11.0.0.tgz",
      "integrity": "sha512-i9IGO/ZsF+YnqC2+PpJapt/8hSXOKFXaqv6B9uUr+iQ8GD4bEFpxm5kChzH918wJpCHvxbTYbnR6buaF9nkjCQ==",
      "requires": {
        "@material/feature-targeting": "^11.0.0",
        "@material/theme": "^11.0.0",
        "tslib": "^2.1.0"
      }
    },
    "material-components-web": {
      "version": "11.0.0",
      "resolved": "https://registry.npmjs.org/material-components-web/-/material-components-web-11.0.0.tgz",
      "integrity": "sha512-O20kNOnqEHhqWDrPgBRloNRHLh2yPn1kW0ZmTrgxJI9oDqmKtC65MWCB6LbKblmsofKC3m283JSprTwQDpKvzA==",
      "requires": {
        "@material/animation": "^11.0.0",
        "@material/auto-init": "^11.0.0",
        "@material/banner": "^11.0.0",
        "@material/base": "^11.0.0",
        "@material/button": "^11.0.0",
        "@material/card": "^11.0.0",
        "@material/checkbox": "^11.0.0",
        "@material/chips": "^11.0.0",
        "@material/circular-progress": "^11.0.0",
        "@material/data-table": "^11.0.0",
        "@material/density": "^11.0.0",
        "@material/dialog": "^11.0.0",
        "@material/dom": "^11.0.0",
        "@material/drawer": "^11.0.0",
        "@material/elevation": "^11.0.0",
        "@material/fab": "^11.0.0",
        "@material/feature-targeting": "^11.0.0",
        "@material/floating-label": "^11.0.0",
        "@material/form-field": "^11.0.0",
        "@material/icon-button": "^11.0.0",
        "@material/image-list": "^11.0.0",
        "@material/layout-grid": "^11.0.0",
        "@material/line-ripple": "^11.0.0",
        "@material/linear-progress": "^11.0.0",
        "@material/list": "^11.0.0",
        "@material/menu": "^11.0.0",
        "@material/menu-surface": "^11.0.0",
        "@material/notched-outline": "^11.0.0",
        "@material/radio": "^11.0.0",
        "@material/ripple": "^11.0.0",
        "@material/rtl": "^11.0.0",
        "@material/segmented-button": "^11.0.0",
        "@material/select": "^11.0.0",
        "@material/shape": "^11.0.0",
        "@material/slider": "^11.0.0",
        "@material/snackbar": "^11.0.0",
        "@material/switch": "^11.0.0",
        "@material/tab": "^11.0.0",
        "@material/tab-bar": "^11.0.0",
        "@material/tab-indicator": "^11.0.0",
        "@material/tab-scroller": "^11.0.0",
        "@material/textfield": "^11.0.0",
        "@material/theme": "^11.0.0",
        "@material/tooltip": "^11.0.0",
        "@material/top-app-bar": "^11.0.0",
        "@material/touch-target": "^11.0.0",
        "@material/typography": "^11.0.0"
      }
    },
    "tslib": {
      "version": "2.2.0",
      "resolved": "https://registry.npmjs.org/tslib/-/tslib-2.2.0.tgz",
      "integrity": "sha512-gS9GVHRU+RGn5KQM2rllAlR3dU6m7AcpJKdtH8gFvQiC4Otgk98XnmMU+nZenHt/+VhnBPWwgrJsyrdcw6i23w=="
    }
  }
}
